// !$*UTF8*$!
{
	archiveVersion = 1;
	classes = {
	};
	objectVersion = 56;
	objects = {

/* Begin PBXBuildFile section */
		BE206A1828F96D8500568190 /* WannVerbindungApp.swift in Sources */ = {isa = PBXBuildFile; fileRef = BE206A1728F96D8500568190 /* WannVerbindungApp.swift */; };
		BE206A1A28F96D8500568190 /* ConnectionSettingsView.swift in Sources */ = {isa = PBXBuildFile; fileRef = BE206A1928F96D8500568190 /* ConnectionSettingsView.swift */; };
		BE206A1C28F96D8600568190 /* Assets.xcassets in Resources */ = {isa = PBXBuildFile; fileRef = BE206A1B28F96D8600568190 /* Assets.xcassets */; };
		BE206A1F28F96D8600568190 /* Preview Assets.xcassets in Resources */ = {isa = PBXBuildFile; fileRef = BE206A1E28F96D8600568190 /* Preview Assets.xcassets */; };
		BE206A2528F96D8600568190 /* WannVerbindung Watch App.app in Embed Watch Content */ = {isa = PBXBuildFile; fileRef = BE206A2428F96D8600568190 /* WannVerbindung Watch App.app */; settings = {ATTRIBUTES = (RemoveHeadersOnCopy, ); }; };
		BE206A2A28F96D8600568190 /* WannVerbindungApp.swift in Sources */ = {isa = PBXBuildFile; fileRef = BE206A2928F96D8600568190 /* WannVerbindungApp.swift */; };
		BE206A2C28F96D8600568190 /* ConnectionSettingsView.swift in Sources */ = {isa = PBXBuildFile; fileRef = BE206A2B28F96D8600568190 /* ConnectionSettingsView.swift */; };
		BE206A2E28F96D8700568190 /* Assets.xcassets in Resources */ = {isa = PBXBuildFile; fileRef = BE206A2D28F96D8700568190 /* Assets.xcassets */; };
		BE206A3128F96D8700568190 /* Preview Assets.xcassets in Resources */ = {isa = PBXBuildFile; fileRef = BE206A3028F96D8700568190 /* Preview Assets.xcassets */; };
		BE2371D929BB5D920016AAE5 /* SharedConfiguration.swift in Sources */ = {isa = PBXBuildFile; fileRef = BE2371D829BB5D920016AAE5 /* SharedConfiguration.swift */; };
		BE2371DC29BB6D560016AAE5 /* NextDepartureWatchWidgetExtension.appex in Embed Foundation Extensions */ = {isa = PBXBuildFile; fileRef = BE5A735128F9A80A00F11CF7 /* NextDepartureWatchWidgetExtension.appex */; settings = {ATTRIBUTES = (RemoveHeadersOnCopy, ); }; };
		BE2371E029BB6D650016AAE5 /* WannVerbindungServices.framework in Frameworks */ = {isa = PBXBuildFile; fileRef = BE5A739528F9C19500F11CF7 /* WannVerbindungServices.framework */; };
		BE2371E129BB6D650016AAE5 /* WannVerbindungServices.framework in Embed Frameworks */ = {isa = PBXBuildFile; fileRef = BE5A739528F9C19500F11CF7 /* WannVerbindungServices.framework */; settings = {ATTRIBUTES = (CodeSignOnCopy, RemoveHeadersOnCopy, ); }; };
		BE2371E629BB80970016AAE5 /* WatchConnectivitySessionDelegate.swift in Sources */ = {isa = PBXBuildFile; fileRef = BE2371E529BB80970016AAE5 /* WatchConnectivitySessionDelegate.swift */; };
		BE5A733A28F9A0FF00F11CF7 /* WidgetKit.framework in Frameworks */ = {isa = PBXBuildFile; fileRef = BE5A72F028F97A6200F11CF7 /* WidgetKit.framework */; };
		BE5A733B28F9A0FF00F11CF7 /* SwiftUI.framework in Frameworks */ = {isa = PBXBuildFile; fileRef = BE5A72F228F97A6200F11CF7 /* SwiftUI.framework */; };
		BE5A733E28F9A0FF00F11CF7 /* NextDepartureIPhoneWidgetBundle.swift in Sources */ = {isa = PBXBuildFile; fileRef = BE5A733D28F9A0FF00F11CF7 /* NextDepartureIPhoneWidgetBundle.swift */; };
		BE5A734028F9A0FF00F11CF7 /* NextDepartureIPhoneWidget.swift in Sources */ = {isa = PBXBuildFile; fileRef = BE5A733F28F9A0FF00F11CF7 /* NextDepartureIPhoneWidget.swift */; };
		BE5A734328F9A10000F11CF7 /* Assets.xcassets in Resources */ = {isa = PBXBuildFile; fileRef = BE5A734228F9A10000F11CF7 /* Assets.xcassets */; };
		BE5A734528F9A10000F11CF7 /* NextDepartureIPhoneWidget.intentdefinition in Sources */ = {isa = PBXBuildFile; fileRef = BE5A734128F9A0FF00F11CF7 /* NextDepartureIPhoneWidget.intentdefinition */; };
		BE5A734628F9A10000F11CF7 /* NextDepartureIPhoneWidget.intentdefinition in Sources */ = {isa = PBXBuildFile; fileRef = BE5A734128F9A0FF00F11CF7 /* NextDepartureIPhoneWidget.intentdefinition */; };
		BE5A734928F9A10000F11CF7 /* NextDepartureIPhoneWidgetExtension.appex in Embed Foundation Extensions */ = {isa = PBXBuildFile; fileRef = BE5A733928F9A0FF00F11CF7 /* NextDepartureIPhoneWidgetExtension.appex */; settings = {ATTRIBUTES = (RemoveHeadersOnCopy, ); }; };
		BE5A735228F9A80A00F11CF7 /* WidgetKit.framework in Frameworks */ = {isa = PBXBuildFile; fileRef = BE5A72F028F97A6200F11CF7 /* WidgetKit.framework */; };
		BE5A735328F9A80A00F11CF7 /* SwiftUI.framework in Frameworks */ = {isa = PBXBuildFile; fileRef = BE5A72F228F97A6200F11CF7 /* SwiftUI.framework */; };
		BE5A735628F9A80A00F11CF7 /* NextDepartureWatchWidget.swift in Sources */ = {isa = PBXBuildFile; fileRef = BE5A735528F9A80A00F11CF7 /* NextDepartureWatchWidget.swift */; };
		BE5A735928F9A80B00F11CF7 /* Assets.xcassets in Resources */ = {isa = PBXBuildFile; fileRef = BE5A735828F9A80B00F11CF7 /* Assets.xcassets */; };
		BE5A735B28F9A80B00F11CF7 /* NextDepartureWatchWidget.intentdefinition in Sources */ = {isa = PBXBuildFile; fileRef = BE5A735728F9A80A00F11CF7 /* NextDepartureWatchWidget.intentdefinition */; };
		BE5A735C28F9A80B00F11CF7 /* NextDepartureWatchWidget.intentdefinition in Sources */ = {isa = PBXBuildFile; fileRef = BE5A735728F9A80A00F11CF7 /* NextDepartureWatchWidget.intentdefinition */; };
		BE5A739828F9C19500F11CF7 /* WannVerbindungServices.h in Headers */ = {isa = PBXBuildFile; fileRef = BE5A739728F9C19500F11CF7 /* WannVerbindungServices.h */; settings = {ATTRIBUTES = (Public, ); }; };
		BE5A739C28F9C1A000F11CF7 /* TransportService.swift in Sources */ = {isa = PBXBuildFile; fileRef = BE5A737428F9AA3400F11CF7 /* TransportService.swift */; };
		BE5A739D28F9C35200F11CF7 /* Journey.swift in Sources */ = {isa = PBXBuildFile; fileRef = BE5A737C28F9B19C00F11CF7 /* Journey.swift */; };
		BE5A739E28F9C35500F11CF7 /* Stop.swift in Sources */ = {isa = PBXBuildFile; fileRef = BE5A738228F9B6D900F11CF7 /* Stop.swift */; };
		BE7727A928F9CAE2003F89AE /* WannVerbindungServices.framework in Frameworks */ = {isa = PBXBuildFile; fileRef = BE5A739528F9C19500F11CF7 /* WannVerbindungServices.framework */; };
		BE7727AA28F9CAE2003F89AE /* WannVerbindungServices.framework in Embed Frameworks */ = {isa = PBXBuildFile; fileRef = BE5A739528F9C19500F11CF7 /* WannVerbindungServices.framework */; settings = {ATTRIBUTES = (CodeSignOnCopy, RemoveHeadersOnCopy, ); }; };
		BE7727AE28F9CAED003F89AE /* WannVerbindungServices.framework in Frameworks */ = {isa = PBXBuildFile; fileRef = BE5A739528F9C19500F11CF7 /* WannVerbindungServices.framework */; };
		BE7727AF28F9CAED003F89AE /* WannVerbindungServices.framework in Embed Frameworks */ = {isa = PBXBuildFile; fileRef = BE5A739528F9C19500F11CF7 /* WannVerbindungServices.framework */; settings = {ATTRIBUTES = (CodeSignOnCopy, RemoveHeadersOnCopy, ); }; };
		BE7727B428F9D08E003F89AE /* ConnectionSettingsViewModel.swift in Sources */ = {isa = PBXBuildFile; fileRef = BE7727B328F9D08E003F89AE /* ConnectionSettingsViewModel.swift */; };
		BE7727B628FAB921003F89AE /* NextDepartureTimelineEntry.swift in Sources */ = {isa = PBXBuildFile; fileRef = BE7727B528FAB921003F89AE /* NextDepartureTimelineEntry.swift */; };
		BE7727B828FAB974003F89AE /* TravelDirection.swift in Sources */ = {isa = PBXBuildFile; fileRef = BE7727B728FAB974003F89AE /* TravelDirection.swift */; };
		BE7727C128FADDDF003F89AE /* SharedConfigurationProvider.swift in Sources */ = {isa = PBXBuildFile; fileRef = BE7727C028FADDDF003F89AE /* SharedConfigurationProvider.swift */; };
		BE7727C328FADF04003F89AE /* ConnectionSettingsViewModel.swift in Sources */ = {isa = PBXBuildFile; fileRef = BE7727C228FADF04003F89AE /* ConnectionSettingsViewModel.swift */; };
		BE7727C528FD5123003F89AE /* ApiError.swift in Sources */ = {isa = PBXBuildFile; fileRef = BE7727C428FD5123003F89AE /* ApiError.swift */; };
		BE7727C628FDE682003F89AE /* WannVerbindungServices.framework in Frameworks */ = {isa = PBXBuildFile; fileRef = BE5A739528F9C19500F11CF7 /* WannVerbindungServices.framework */; };
		BE7727C728FDE682003F89AE /* WannVerbindungServices.framework in Embed Frameworks */ = {isa = PBXBuildFile; fileRef = BE5A739528F9C19500F11CF7 /* WannVerbindungServices.framework */; settings = {ATTRIBUTES = (CodeSignOnCopy, RemoveHeadersOnCopy, ); }; };
/* End PBXBuildFile section */

/* Begin PBXContainerItemProxy section */
		BE206A2628F96D8600568190 /* PBXContainerItemProxy */ = {
			isa = PBXContainerItemProxy;
			containerPortal = BE206A0C28F96D8500568190 /* Project object */;
			proxyType = 1;
			remoteGlobalIDString = BE206A2328F96D8600568190;
			remoteInfo = "WannVerbindung Watch App";
		};
		BE2371DD29BB6D570016AAE5 /* PBXContainerItemProxy */ = {
			isa = PBXContainerItemProxy;
			containerPortal = BE206A0C28F96D8500568190 /* Project object */;
			proxyType = 1;
			remoteGlobalIDString = BE5A735028F9A80A00F11CF7;
			remoteInfo = NextDepartureWatchWidgetExtension;
		};
		BE2371E229BB6D650016AAE5 /* PBXContainerItemProxy */ = {
			isa = PBXContainerItemProxy;
			containerPortal = BE206A0C28F96D8500568190 /* Project object */;
			proxyType = 1;
			remoteGlobalIDString = BE5A739428F9C19500F11CF7;
			remoteInfo = WannVerbindungServices;
		};
		BE5A734728F9A10000F11CF7 /* PBXContainerItemProxy */ = {
			isa = PBXContainerItemProxy;
			containerPortal = BE206A0C28F96D8500568190 /* Project object */;
			proxyType = 1;
			remoteGlobalIDString = BE5A733828F9A0FF00F11CF7;
			remoteInfo = NextDepartureIPhoneWidgetExtension;
		};
		BE7727AB28F9CAE2003F89AE /* PBXContainerItemProxy */ = {
			isa = PBXContainerItemProxy;
			containerPortal = BE206A0C28F96D8500568190 /* Project object */;
			proxyType = 1;
			remoteGlobalIDString = BE5A739428F9C19500F11CF7;
			remoteInfo = WannVerbindungServices;
		};
		BE7727B028F9CAED003F89AE /* PBXContainerItemProxy */ = {
			isa = PBXContainerItemProxy;
			containerPortal = BE206A0C28F96D8500568190 /* Project object */;
			proxyType = 1;
			remoteGlobalIDString = BE5A739428F9C19500F11CF7;
			remoteInfo = WannVerbindungServices;
		};
		BE7727C828FDE682003F89AE /* PBXContainerItemProxy */ = {
			isa = PBXContainerItemProxy;
			containerPortal = BE206A0C28F96D8500568190 /* Project object */;
			proxyType = 1;
			remoteGlobalIDString = BE5A739428F9C19500F11CF7;
			remoteInfo = WannVerbindungServices;
		};
/* End PBXContainerItemProxy section */

/* Begin PBXCopyFilesBuildPhase section */
		BE206A3728F96D8700568190 /* Embed Watch Content */ = {
			isa = PBXCopyFilesBuildPhase;
			buildActionMask = 2147483647;
			dstPath = "$(CONTENTS_FOLDER_PATH)/Watch";
			dstSubfolderSpec = 16;
			files = (
				BE206A2528F96D8600568190 /* WannVerbindung Watch App.app in Embed Watch Content */,
			);
			name = "Embed Watch Content";
			runOnlyForDeploymentPostprocessing = 0;
		};
		BE206A4E28F974D400568190 /* Embed ExtensionKit Extensions */ = {
			isa = PBXCopyFilesBuildPhase;
			buildActionMask = 2147483647;
			dstPath = "$(EXTENSIONS_FOLDER_PATH)";
			dstSubfolderSpec = 16;
			files = (
			);
			name = "Embed ExtensionKit Extensions";
			runOnlyForDeploymentPostprocessing = 0;
		};
		BE2371DF29BB6D570016AAE5 /* Embed Foundation Extensions */ = {
			isa = PBXCopyFilesBuildPhase;
			buildActionMask = 2147483647;
			dstPath = "";
			dstSubfolderSpec = 13;
			files = (
				BE2371DC29BB6D560016AAE5 /* NextDepartureWatchWidgetExtension.appex in Embed Foundation Extensions */,
			);
			name = "Embed Foundation Extensions";
			runOnlyForDeploymentPostprocessing = 0;
		};
		BE2371E429BB6D650016AAE5 /* Embed Frameworks */ = {
			isa = PBXCopyFilesBuildPhase;
			buildActionMask = 2147483647;
			dstPath = "";
			dstSubfolderSpec = 10;
			files = (
				BE2371E129BB6D650016AAE5 /* WannVerbindungServices.framework in Embed Frameworks */,
			);
			name = "Embed Frameworks";
			runOnlyForDeploymentPostprocessing = 0;
		};
		BE5A733428F99DC700F11CF7 /* Embed Foundation Extensions */ = {
			isa = PBXCopyFilesBuildPhase;
			buildActionMask = 2147483647;
			dstPath = "";
			dstSubfolderSpec = 13;
			files = (
				BE5A734928F9A10000F11CF7 /* NextDepartureIPhoneWidgetExtension.appex in Embed Foundation Extensions */,
			);
			name = "Embed Foundation Extensions";
			runOnlyForDeploymentPostprocessing = 0;
		};
		BE7727AD28F9CAE2003F89AE /* Embed Frameworks */ = {
			isa = PBXCopyFilesBuildPhase;
			buildActionMask = 2147483647;
			dstPath = "";
			dstSubfolderSpec = 10;
			files = (
				BE7727AA28F9CAE2003F89AE /* WannVerbindungServices.framework in Embed Frameworks */,
			);
			name = "Embed Frameworks";
			runOnlyForDeploymentPostprocessing = 0;
		};
		BE7727B228F9CAED003F89AE /* Embed Frameworks */ = {
			isa = PBXCopyFilesBuildPhase;
			buildActionMask = 2147483647;
			dstPath = "";
			dstSubfolderSpec = 10;
			files = (
				BE7727AF28F9CAED003F89AE /* WannVerbindungServices.framework in Embed Frameworks */,
			);
			name = "Embed Frameworks";
			runOnlyForDeploymentPostprocessing = 0;
		};
		BE7727CA28FDE682003F89AE /* Embed Frameworks */ = {
			isa = PBXCopyFilesBuildPhase;
			buildActionMask = 2147483647;
			dstPath = "";
			dstSubfolderSpec = 10;
			files = (
				BE7727C728FDE682003F89AE /* WannVerbindungServices.framework in Embed Frameworks */,
			);
			name = "Embed Frameworks";
			runOnlyForDeploymentPostprocessing = 0;
		};
/* End PBXCopyFilesBuildPhase section */

/* Begin PBXFileReference section */
		BE206A1428F96D8500568190 /* WannVerbindung.app */ = {isa = PBXFileReference; explicitFileType = wrapper.application; includeInIndex = 0; path = WannVerbindung.app; sourceTree = BUILT_PRODUCTS_DIR; };
		BE206A1728F96D8500568190 /* WannVerbindungApp.swift */ = {isa = PBXFileReference; lastKnownFileType = sourcecode.swift; path = WannVerbindungApp.swift; sourceTree = "<group>"; };
		BE206A1928F96D8500568190 /* ConnectionSettingsView.swift */ = {isa = PBXFileReference; lastKnownFileType = sourcecode.swift; path = ConnectionSettingsView.swift; sourceTree = "<group>"; };
		BE206A1B28F96D8600568190 /* Assets.xcassets */ = {isa = PBXFileReference; lastKnownFileType = folder.assetcatalog; path = Assets.xcassets; sourceTree = "<group>"; };
		BE206A1E28F96D8600568190 /* Preview Assets.xcassets */ = {isa = PBXFileReference; lastKnownFileType = folder.assetcatalog; path = "Preview Assets.xcassets"; sourceTree = "<group>"; };
		BE206A2428F96D8600568190 /* WannVerbindung Watch App.app */ = {isa = PBXFileReference; explicitFileType = wrapper.application; includeInIndex = 0; path = "WannVerbindung Watch App.app"; sourceTree = BUILT_PRODUCTS_DIR; };
		BE206A2928F96D8600568190 /* WannVerbindungApp.swift */ = {isa = PBXFileReference; lastKnownFileType = sourcecode.swift; path = WannVerbindungApp.swift; sourceTree = "<group>"; };
		BE206A2B28F96D8600568190 /* ConnectionSettingsView.swift */ = {isa = PBXFileReference; lastKnownFileType = sourcecode.swift; path = ConnectionSettingsView.swift; sourceTree = "<group>"; };
		BE206A2D28F96D8700568190 /* Assets.xcassets */ = {isa = PBXFileReference; lastKnownFileType = folder.assetcatalog; path = Assets.xcassets; sourceTree = "<group>"; };
		BE206A3028F96D8700568190 /* Preview Assets.xcassets */ = {isa = PBXFileReference; lastKnownFileType = folder.assetcatalog; path = "Preview Assets.xcassets"; sourceTree = "<group>"; };
		BE2371D829BB5D920016AAE5 /* SharedConfiguration.swift */ = {isa = PBXFileReference; lastKnownFileType = sourcecode.swift; path = SharedConfiguration.swift; sourceTree = "<group>"; };
		BE2371E529BB80970016AAE5 /* WatchConnectivitySessionDelegate.swift */ = {isa = PBXFileReference; lastKnownFileType = sourcecode.swift; path = WatchConnectivitySessionDelegate.swift; sourceTree = "<group>"; };
		BE5A72F028F97A6200F11CF7 /* WidgetKit.framework */ = {isa = PBXFileReference; lastKnownFileType = wrapper.framework; name = WidgetKit.framework; path = System/Library/Frameworks/WidgetKit.framework; sourceTree = SDKROOT; };
		BE5A72F228F97A6200F11CF7 /* SwiftUI.framework */ = {isa = PBXFileReference; lastKnownFileType = wrapper.framework; name = SwiftUI.framework; path = System/Library/Frameworks/SwiftUI.framework; sourceTree = SDKROOT; };
		BE5A733928F9A0FF00F11CF7 /* NextDepartureIPhoneWidgetExtension.appex */ = {isa = PBXFileReference; explicitFileType = "wrapper.app-extension"; includeInIndex = 0; path = NextDepartureIPhoneWidgetExtension.appex; sourceTree = BUILT_PRODUCTS_DIR; };
		BE5A733D28F9A0FF00F11CF7 /* NextDepartureIPhoneWidgetBundle.swift */ = {isa = PBXFileReference; lastKnownFileType = sourcecode.swift; path = NextDepartureIPhoneWidgetBundle.swift; sourceTree = "<group>"; };
		BE5A733F28F9A0FF00F11CF7 /* NextDepartureIPhoneWidget.swift */ = {isa = PBXFileReference; lastKnownFileType = sourcecode.swift; path = NextDepartureIPhoneWidget.swift; sourceTree = "<group>"; };
		BE5A734128F9A0FF00F11CF7 /* NextDepartureIPhoneWidget.intentdefinition */ = {isa = PBXFileReference; lastKnownFileType = file.intentdefinition; path = NextDepartureIPhoneWidget.intentdefinition; sourceTree = "<group>"; };
		BE5A734228F9A10000F11CF7 /* Assets.xcassets */ = {isa = PBXFileReference; lastKnownFileType = folder.assetcatalog; path = Assets.xcassets; sourceTree = "<group>"; };
		BE5A734428F9A10000F11CF7 /* Info.plist */ = {isa = PBXFileReference; lastKnownFileType = text.plist.xml; path = Info.plist; sourceTree = "<group>"; };
		BE5A735128F9A80A00F11CF7 /* NextDepartureWatchWidgetExtension.appex */ = {isa = PBXFileReference; explicitFileType = "wrapper.app-extension"; includeInIndex = 0; path = NextDepartureWatchWidgetExtension.appex; sourceTree = BUILT_PRODUCTS_DIR; };
		BE5A735528F9A80A00F11CF7 /* NextDepartureWatchWidget.swift */ = {isa = PBXFileReference; lastKnownFileType = sourcecode.swift; path = NextDepartureWatchWidget.swift; sourceTree = "<group>"; };
		BE5A735728F9A80A00F11CF7 /* NextDepartureWatchWidget.intentdefinition */ = {isa = PBXFileReference; lastKnownFileType = file.intentdefinition; path = NextDepartureWatchWidget.intentdefinition; sourceTree = "<group>"; };
		BE5A735828F9A80B00F11CF7 /* Assets.xcassets */ = {isa = PBXFileReference; lastKnownFileType = folder.assetcatalog; path = Assets.xcassets; sourceTree = "<group>"; };
		BE5A735A28F9A80B00F11CF7 /* Info.plist */ = {isa = PBXFileReference; lastKnownFileType = text.plist.xml; path = Info.plist; sourceTree = "<group>"; };
		BE5A737428F9AA3400F11CF7 /* TransportService.swift */ = {isa = PBXFileReference; lastKnownFileType = sourcecode.swift; path = TransportService.swift; sourceTree = "<group>"; };
		BE5A737C28F9B19C00F11CF7 /* Journey.swift */ = {isa = PBXFileReference; lastKnownFileType = sourcecode.swift; path = Journey.swift; sourceTree = "<group>"; };
		BE5A738228F9B6D900F11CF7 /* Stop.swift */ = {isa = PBXFileReference; lastKnownFileType = sourcecode.swift; path = Stop.swift; sourceTree = "<group>"; };
		BE5A738F28F9C0E700F11CF7 /* WannVerbindung.entitlements */ = {isa = PBXFileReference; lastKnownFileType = text.plist.entitlements; path = WannVerbindung.entitlements; sourceTree = "<group>"; };
		BE5A739528F9C19500F11CF7 /* WannVerbindungServices.framework */ = {isa = PBXFileReference; explicitFileType = wrapper.framework; includeInIndex = 0; path = WannVerbindungServices.framework; sourceTree = BUILT_PRODUCTS_DIR; };
		BE5A739728F9C19500F11CF7 /* WannVerbindungServices.h */ = {isa = PBXFileReference; lastKnownFileType = sourcecode.c.h; path = WannVerbindungServices.h; sourceTree = "<group>"; };
		BE5A739F28F9C3D500F11CF7 /* WannVerbindung Watch App.entitlements */ = {isa = PBXFileReference; lastKnownFileType = text.plist.entitlements; path = "WannVerbindung Watch App.entitlements"; sourceTree = "<group>"; };
		BE5A73A028F9C3DD00F11CF7 /* NextDepartureIPhoneWidgetExtension.entitlements */ = {isa = PBXFileReference; lastKnownFileType = text.plist.entitlements; path = NextDepartureIPhoneWidgetExtension.entitlements; sourceTree = "<group>"; };
		BE5A73A128F9C3F500F11CF7 /* NextDepartureWatchWidgetExtension.entitlements */ = {isa = PBXFileReference; lastKnownFileType = text.plist.entitlements; path = NextDepartureWatchWidgetExtension.entitlements; sourceTree = "<group>"; };
		BE7727B328F9D08E003F89AE /* ConnectionSettingsViewModel.swift */ = {isa = PBXFileReference; lastKnownFileType = sourcecode.swift; path = ConnectionSettingsViewModel.swift; sourceTree = "<group>"; };
		BE7727B528FAB921003F89AE /* NextDepartureTimelineEntry.swift */ = {isa = PBXFileReference; lastKnownFileType = sourcecode.swift; path = NextDepartureTimelineEntry.swift; sourceTree = "<group>"; };
		BE7727B728FAB974003F89AE /* TravelDirection.swift */ = {isa = PBXFileReference; lastKnownFileType = sourcecode.swift; path = TravelDirection.swift; sourceTree = "<group>"; };
		BE7727BE28FAD6EB003F89AE /* WannVerbindung-Watch-App-Info.plist */ = {isa = PBXFileReference; lastKnownFileType = text.plist; path = "WannVerbindung-Watch-App-Info.plist"; sourceTree = SOURCE_ROOT; };
		BE7727C028FADDDF003F89AE /* SharedConfigurationProvider.swift */ = {isa = PBXFileReference; lastKnownFileType = sourcecode.swift; path = SharedConfigurationProvider.swift; sourceTree = "<group>"; };
		BE7727C228FADF04003F89AE /* ConnectionSettingsViewModel.swift */ = {isa = PBXFileReference; lastKnownFileType = sourcecode.swift; path = ConnectionSettingsViewModel.swift; sourceTree = "<group>"; };
		BE7727C428FD5123003F89AE /* ApiError.swift */ = {isa = PBXFileReference; lastKnownFileType = sourcecode.swift; path = ApiError.swift; sourceTree = "<group>"; };
/* End PBXFileReference section */

/* Begin PBXFrameworksBuildPhase section */
		BE206A1128F96D8500568190 /* Frameworks */ = {
			isa = PBXFrameworksBuildPhase;
			buildActionMask = 2147483647;
			files = (
				BE7727C628FDE682003F89AE /* WannVerbindungServices.framework in Frameworks */,
			);
			runOnlyForDeploymentPostprocessing = 0;
		};
		BE206A2128F96D8600568190 /* Frameworks */ = {
			isa = PBXFrameworksBuildPhase;
			buildActionMask = 2147483647;
			files = (
				BE2371E029BB6D650016AAE5 /* WannVerbindungServices.framework in Frameworks */,
			);
			runOnlyForDeploymentPostprocessing = 0;
		};
		BE5A733628F9A0FF00F11CF7 /* Frameworks */ = {
			isa = PBXFrameworksBuildPhase;
			buildActionMask = 2147483647;
			files = (
				BE7727A928F9CAE2003F89AE /* WannVerbindungServices.framework in Frameworks */,
				BE5A733B28F9A0FF00F11CF7 /* SwiftUI.framework in Frameworks */,
				BE5A733A28F9A0FF00F11CF7 /* WidgetKit.framework in Frameworks */,
			);
			runOnlyForDeploymentPostprocessing = 0;
		};
		BE5A734E28F9A80A00F11CF7 /* Frameworks */ = {
			isa = PBXFrameworksBuildPhase;
			buildActionMask = 2147483647;
			files = (
				BE7727AE28F9CAED003F89AE /* WannVerbindungServices.framework in Frameworks */,
				BE5A735328F9A80A00F11CF7 /* SwiftUI.framework in Frameworks */,
				BE5A735228F9A80A00F11CF7 /* WidgetKit.framework in Frameworks */,
			);
			runOnlyForDeploymentPostprocessing = 0;
		};
		BE5A739228F9C19500F11CF7 /* Frameworks */ = {
			isa = PBXFrameworksBuildPhase;
			buildActionMask = 2147483647;
			files = (
			);
			runOnlyForDeploymentPostprocessing = 0;
		};
/* End PBXFrameworksBuildPhase section */

/* Begin PBXGroup section */
		BE206A0B28F96D8500568190 = {
			isa = PBXGroup;
			children = (
				BE5A73A128F9C3F500F11CF7 /* NextDepartureWatchWidgetExtension.entitlements */,
				BE5A73A028F9C3DD00F11CF7 /* NextDepartureIPhoneWidgetExtension.entitlements */,
				BE206A1628F96D8500568190 /* WannVerbindung */,
				BE206A2828F96D8600568190 /* WannVerbindung Watch App */,
				BE5A733C28F9A0FF00F11CF7 /* NextDepartureIPhoneWidget */,
				BE5A735428F9A80A00F11CF7 /* NextDepartureWatchWidget */,
				BE5A739628F9C19500F11CF7 /* WannVerbindungServices */,
				BE5A72EF28F97A6200F11CF7 /* Frameworks */,
				BE206A1528F96D8500568190 /* Products */,
			);
			sourceTree = "<group>";
		};
		BE206A1528F96D8500568190 /* Products */ = {
			isa = PBXGroup;
			children = (
				BE206A1428F96D8500568190 /* WannVerbindung.app */,
				BE206A2428F96D8600568190 /* WannVerbindung Watch App.app */,
				BE5A733928F9A0FF00F11CF7 /* NextDepartureIPhoneWidgetExtension.appex */,
				BE5A735128F9A80A00F11CF7 /* NextDepartureWatchWidgetExtension.appex */,
				BE5A739528F9C19500F11CF7 /* WannVerbindungServices.framework */,
			);
			name = Products;
			sourceTree = "<group>";
		};
		BE206A1628F96D8500568190 /* WannVerbindung */ = {
			isa = PBXGroup;
			children = (
				BE5A738F28F9C0E700F11CF7 /* WannVerbindung.entitlements */,
				BE206A1728F96D8500568190 /* WannVerbindungApp.swift */,
				BE206A1928F96D8500568190 /* ConnectionSettingsView.swift */,
				BE7727B328F9D08E003F89AE /* ConnectionSettingsViewModel.swift */,
				BE206A1B28F96D8600568190 /* Assets.xcassets */,
				BE206A1D28F96D8600568190 /* Preview Content */,
			);
			path = WannVerbindung;
			sourceTree = "<group>";
		};
		BE206A1D28F96D8600568190 /* Preview Content */ = {
			isa = PBXGroup;
			children = (
				BE206A1E28F96D8600568190 /* Preview Assets.xcassets */,
			);
			path = "Preview Content";
			sourceTree = "<group>";
		};
		BE206A2828F96D8600568190 /* WannVerbindung Watch App */ = {
			isa = PBXGroup;
			children = (
				BE7727BE28FAD6EB003F89AE /* WannVerbindung-Watch-App-Info.plist */,
				BE5A739F28F9C3D500F11CF7 /* WannVerbindung Watch App.entitlements */,
				BE206A2928F96D8600568190 /* WannVerbindungApp.swift */,
				BE206A2B28F96D8600568190 /* ConnectionSettingsView.swift */,
				BE7727C228FADF04003F89AE /* ConnectionSettingsViewModel.swift */,
				BE206A2D28F96D8700568190 /* Assets.xcassets */,
				BE206A2F28F96D8700568190 /* Preview Content */,
			);
			path = "WannVerbindung Watch App";
			sourceTree = "<group>";
		};
		BE206A2F28F96D8700568190 /* Preview Content */ = {
			isa = PBXGroup;
			children = (
				BE206A3028F96D8700568190 /* Preview Assets.xcassets */,
			);
			path = "Preview Content";
			sourceTree = "<group>";
		};
		BE5A72EF28F97A6200F11CF7 /* Frameworks */ = {
			isa = PBXGroup;
			children = (
				BE5A72F028F97A6200F11CF7 /* WidgetKit.framework */,
				BE5A72F228F97A6200F11CF7 /* SwiftUI.framework */,
			);
			name = Frameworks;
			sourceTree = "<group>";
		};
		BE5A733C28F9A0FF00F11CF7 /* NextDepartureIPhoneWidget */ = {
			isa = PBXGroup;
			children = (
				BE5A733D28F9A0FF00F11CF7 /* NextDepartureIPhoneWidgetBundle.swift */,
				BE5A733F28F9A0FF00F11CF7 /* NextDepartureIPhoneWidget.swift */,
				BE5A734128F9A0FF00F11CF7 /* NextDepartureIPhoneWidget.intentdefinition */,
				BE5A734228F9A10000F11CF7 /* Assets.xcassets */,
				BE5A734428F9A10000F11CF7 /* Info.plist */,
			);
			path = NextDepartureIPhoneWidget;
			sourceTree = "<group>";
		};
		BE5A735428F9A80A00F11CF7 /* NextDepartureWatchWidget */ = {
			isa = PBXGroup;
			children = (
				BE5A735528F9A80A00F11CF7 /* NextDepartureWatchWidget.swift */,
				BE5A735728F9A80A00F11CF7 /* NextDepartureWatchWidget.intentdefinition */,
				BE5A735828F9A80B00F11CF7 /* Assets.xcassets */,
				BE5A735A28F9A80B00F11CF7 /* Info.plist */,
			);
			path = NextDepartureWatchWidget;
			sourceTree = "<group>";
		};
		BE5A738428F9BFE300F11CF7 /* Models */ = {
			isa = PBXGroup;
			children = (
				BE5A737C28F9B19C00F11CF7 /* Journey.swift */,
				BE5A738228F9B6D900F11CF7 /* Stop.swift */,
				BE7727B728FAB974003F89AE /* TravelDirection.swift */,
				BE7727C428FD5123003F89AE /* ApiError.swift */,
			);
			path = Models;
			sourceTree = "<group>";
		};
		BE5A739628F9C19500F11CF7 /* WannVerbindungServices */ = {
			isa = PBXGroup;
			children = (
				BE7727BF28FADDAE003F89AE /* WatchConnectivitySession */,
				BE7727B928FABF88003F89AE /* WidgetKit */,
				BE5A738428F9BFE300F11CF7 /* Models */,
				BE5A739728F9C19500F11CF7 /* WannVerbindungServices.h */,
				BE5A737428F9AA3400F11CF7 /* TransportService.swift */,
			);
			path = WannVerbindungServices;
			sourceTree = "<group>";
		};
		BE7727B928FABF88003F89AE /* WidgetKit */ = {
			isa = PBXGroup;
			children = (
				BE7727B528FAB921003F89AE /* NextDepartureTimelineEntry.swift */,
			);
			path = WidgetKit;
			sourceTree = "<group>";
		};
		BE7727BF28FADDAE003F89AE /* WatchConnectivitySession */ = {
			isa = PBXGroup;
			children = (
				BE7727C028FADDDF003F89AE /* SharedConfigurationProvider.swift */,
				BE2371D829BB5D920016AAE5 /* SharedConfiguration.swift */,
				BE2371E529BB80970016AAE5 /* WatchConnectivitySessionDelegate.swift */,
			);
			path = WatchConnectivitySession;
			sourceTree = "<group>";
		};
/* End PBXGroup section */

/* Begin PBXHeadersBuildPhase section */
		BE5A739028F9C19500F11CF7 /* Headers */ = {
			isa = PBXHeadersBuildPhase;
			buildActionMask = 2147483647;
			files = (
				BE5A739828F9C19500F11CF7 /* WannVerbindungServices.h in Headers */,
			);
			runOnlyForDeploymentPostprocessing = 0;
		};
/* End PBXHeadersBuildPhase section */

/* Begin PBXNativeTarget section */
		BE206A1328F96D8500568190 /* WannVerbindung */ = {
			isa = PBXNativeTarget;
			buildConfigurationList = BE206A3828F96D8700568190 /* Build configuration list for PBXNativeTarget "WannVerbindung" */;
			buildPhases = (
				BE206A1028F96D8500568190 /* Sources */,
				BE206A1128F96D8500568190 /* Frameworks */,
				BE206A1228F96D8500568190 /* Resources */,
				BE206A3728F96D8700568190 /* Embed Watch Content */,
				BE5A733428F99DC700F11CF7 /* Embed Foundation Extensions */,
				BE7727CA28FDE682003F89AE /* Embed Frameworks */,
			);
			buildRules = (
			);
			dependencies = (
				BE206A2728F96D8600568190 /* PBXTargetDependency */,
				BE5A734828F9A10000F11CF7 /* PBXTargetDependency */,
				BE7727C928FDE682003F89AE /* PBXTargetDependency */,
			);
			name = WannVerbindung;
			productName = WannVerbindung;
			productReference = BE206A1428F96D8500568190 /* WannVerbindung.app */;
			productType = "com.apple.product-type.application";
		};
		BE206A2328F96D8600568190 /* WannVerbindung Watch App */ = {
			isa = PBXNativeTarget;
			buildConfigurationList = BE206A3428F96D8700568190 /* Build configuration list for PBXNativeTarget "WannVerbindung Watch App" */;
			buildPhases = (
				BE206A2028F96D8600568190 /* Sources */,
				BE206A2128F96D8600568190 /* Frameworks */,
				BE206A2228F96D8600568190 /* Resources */,
				BE206A4E28F974D400568190 /* Embed ExtensionKit Extensions */,
				BE2371DF29BB6D570016AAE5 /* Embed Foundation Extensions */,
				BE2371E429BB6D650016AAE5 /* Embed Frameworks */,
			);
			buildRules = (
			);
			dependencies = (
				BE2371DE29BB6D570016AAE5 /* PBXTargetDependency */,
				BE2371E329BB6D650016AAE5 /* PBXTargetDependency */,
			);
			name = "WannVerbindung Watch App";
			productName = "WannVerbindung Watch App";
			productReference = BE206A2428F96D8600568190 /* WannVerbindung Watch App.app */;
			productType = "com.apple.product-type.application";
		};
		BE5A733828F9A0FF00F11CF7 /* NextDepartureIPhoneWidgetExtension */ = {
			isa = PBXNativeTarget;
			buildConfigurationList = BE5A734A28F9A10000F11CF7 /* Build configuration list for PBXNativeTarget "NextDepartureIPhoneWidgetExtension" */;
			buildPhases = (
				BE5A733528F9A0FF00F11CF7 /* Sources */,
				BE5A733628F9A0FF00F11CF7 /* Frameworks */,
				BE5A733728F9A0FF00F11CF7 /* Resources */,
				BE7727AD28F9CAE2003F89AE /* Embed Frameworks */,
			);
			buildRules = (
			);
			dependencies = (
				BE7727AC28F9CAE2003F89AE /* PBXTargetDependency */,
			);
			name = NextDepartureIPhoneWidgetExtension;
			productName = NextDepartureIPhoneWidgetExtension;
			productReference = BE5A733928F9A0FF00F11CF7 /* NextDepartureIPhoneWidgetExtension.appex */;
			productType = "com.apple.product-type.app-extension";
		};
		BE5A735028F9A80A00F11CF7 /* NextDepartureWatchWidgetExtension */ = {
			isa = PBXNativeTarget;
			buildConfigurationList = BE5A736028F9A80B00F11CF7 /* Build configuration list for PBXNativeTarget "NextDepartureWatchWidgetExtension" */;
			buildPhases = (
				BE5A734D28F9A80A00F11CF7 /* Sources */,
				BE5A734E28F9A80A00F11CF7 /* Frameworks */,
				BE5A734F28F9A80A00F11CF7 /* Resources */,
				BE7727B228F9CAED003F89AE /* Embed Frameworks */,
			);
			buildRules = (
			);
			dependencies = (
				BE7727B128F9CAED003F89AE /* PBXTargetDependency */,
			);
			name = NextDepartureWatchWidgetExtension;
			productName = NextDepartureWatchWidgetExtension;
			productReference = BE5A735128F9A80A00F11CF7 /* NextDepartureWatchWidgetExtension.appex */;
			productType = "com.apple.product-type.app-extension";
		};
		BE5A739428F9C19500F11CF7 /* WannVerbindungServices */ = {
			isa = PBXNativeTarget;
			buildConfigurationList = BE5A739928F9C19500F11CF7 /* Build configuration list for PBXNativeTarget "WannVerbindungServices" */;
			buildPhases = (
				BE5A739028F9C19500F11CF7 /* Headers */,
				BE5A739128F9C19500F11CF7 /* Sources */,
				BE5A739228F9C19500F11CF7 /* Frameworks */,
				BE5A739328F9C19500F11CF7 /* Resources */,
			);
			buildRules = (
			);
			dependencies = (
			);
			name = WannVerbindungServices;
			productName = WannVerbindungServices;
			productReference = BE5A739528F9C19500F11CF7 /* WannVerbindungServices.framework */;
			productType = "com.apple.product-type.framework";
		};
/* End PBXNativeTarget section */

/* Begin PBXProject section */
		BE206A0C28F96D8500568190 /* Project object */ = {
			isa = PBXProject;
			attributes = {
				BuildIndependentTargetsInParallel = 1;
				LastSwiftUpdateCheck = 1410;
				LastUpgradeCheck = 1410;
				TargetAttributes = {
					BE206A1328F96D8500568190 = {
						CreatedOnToolsVersion = 14.1;
					};
					BE206A2328F96D8600568190 = {
						CreatedOnToolsVersion = 14.1;
					};
					BE5A733828F9A0FF00F11CF7 = {
						CreatedOnToolsVersion = 14.1;
					};
					BE5A735028F9A80A00F11CF7 = {
						CreatedOnToolsVersion = 14.1;
					};
					BE5A739428F9C19500F11CF7 = {
						CreatedOnToolsVersion = 14.1;
					};
				};
			};
			buildConfigurationList = BE206A0F28F96D8500568190 /* Build configuration list for PBXProject "WannVerbindung" */;
			compatibilityVersion = "Xcode 14.0";
			developmentRegion = en;
			hasScannedForEncodings = 0;
			knownRegions = (
				en,
				Base,
			);
			mainGroup = BE206A0B28F96D8500568190;
			productRefGroup = BE206A1528F96D8500568190 /* Products */;
			projectDirPath = "";
			projectRoot = "";
			targets = (
				BE206A1328F96D8500568190 /* WannVerbindung */,
				BE206A2328F96D8600568190 /* WannVerbindung Watch App */,
				BE5A733828F9A0FF00F11CF7 /* NextDepartureIPhoneWidgetExtension */,
				BE5A735028F9A80A00F11CF7 /* NextDepartureWatchWidgetExtension */,
				BE5A739428F9C19500F11CF7 /* WannVerbindungServices */,
			);
		};
/* End PBXProject section */

/* Begin PBXResourcesBuildPhase section */
		BE206A1228F96D8500568190 /* Resources */ = {
			isa = PBXResourcesBuildPhase;
			buildActionMask = 2147483647;
			files = (
				BE206A1F28F96D8600568190 /* Preview Assets.xcassets in Resources */,
				BE206A1C28F96D8600568190 /* Assets.xcassets in Resources */,
			);
			runOnlyForDeploymentPostprocessing = 0;
		};
		BE206A2228F96D8600568190 /* Resources */ = {
			isa = PBXResourcesBuildPhase;
			buildActionMask = 2147483647;
			files = (
				BE206A3128F96D8700568190 /* Preview Assets.xcassets in Resources */,
				BE206A2E28F96D8700568190 /* Assets.xcassets in Resources */,
			);
			runOnlyForDeploymentPostprocessing = 0;
		};
		BE5A733728F9A0FF00F11CF7 /* Resources */ = {
			isa = PBXResourcesBuildPhase;
			buildActionMask = 2147483647;
			files = (
				BE5A734328F9A10000F11CF7 /* Assets.xcassets in Resources */,
			);
			runOnlyForDeploymentPostprocessing = 0;
		};
		BE5A734F28F9A80A00F11CF7 /* Resources */ = {
			isa = PBXResourcesBuildPhase;
			buildActionMask = 2147483647;
			files = (
				BE5A735928F9A80B00F11CF7 /* Assets.xcassets in Resources */,
			);
			runOnlyForDeploymentPostprocessing = 0;
		};
		BE5A739328F9C19500F11CF7 /* Resources */ = {
			isa = PBXResourcesBuildPhase;
			buildActionMask = 2147483647;
			files = (
			);
			runOnlyForDeploymentPostprocessing = 0;
		};
/* End PBXResourcesBuildPhase section */

/* Begin PBXSourcesBuildPhase section */
		BE206A1028F96D8500568190 /* Sources */ = {
			isa = PBXSourcesBuildPhase;
			buildActionMask = 2147483647;
			files = (
				BE206A1A28F96D8500568190 /* ConnectionSettingsView.swift in Sources */,
				BE206A1828F96D8500568190 /* WannVerbindungApp.swift in Sources */,
				BE5A734628F9A10000F11CF7 /* NextDepartureIPhoneWidget.intentdefinition in Sources */,
				BE7727B428F9D08E003F89AE /* ConnectionSettingsViewModel.swift in Sources */,
			);
			runOnlyForDeploymentPostprocessing = 0;
		};
		BE206A2028F96D8600568190 /* Sources */ = {
			isa = PBXSourcesBuildPhase;
			buildActionMask = 2147483647;
			files = (
				BE5A735C28F9A80B00F11CF7 /* NextDepartureWatchWidget.intentdefinition in Sources */,
				BE206A2C28F96D8600568190 /* ConnectionSettingsView.swift in Sources */,
				BE206A2A28F96D8600568190 /* WannVerbindungApp.swift in Sources */,
				BE7727C328FADF04003F89AE /* ConnectionSettingsViewModel.swift in Sources */,
			);
			runOnlyForDeploymentPostprocessing = 0;
		};
		BE5A733528F9A0FF00F11CF7 /* Sources */ = {
			isa = PBXSourcesBuildPhase;
			buildActionMask = 2147483647;
			files = (
				BE5A734028F9A0FF00F11CF7 /* NextDepartureIPhoneWidget.swift in Sources */,
				BE5A733E28F9A0FF00F11CF7 /* NextDepartureIPhoneWidgetBundle.swift in Sources */,
				BE5A734528F9A10000F11CF7 /* NextDepartureIPhoneWidget.intentdefinition in Sources */,
			);
			runOnlyForDeploymentPostprocessing = 0;
		};
		BE5A734D28F9A80A00F11CF7 /* Sources */ = {
			isa = PBXSourcesBuildPhase;
			buildActionMask = 2147483647;
			files = (
				BE5A735B28F9A80B00F11CF7 /* NextDepartureWatchWidget.intentdefinition in Sources */,
				BE5A735628F9A80A00F11CF7 /* NextDepartureWatchWidget.swift in Sources */,
			);
			runOnlyForDeploymentPostprocessing = 0;
		};
		BE5A739128F9C19500F11CF7 /* Sources */ = {
			isa = PBXSourcesBuildPhase;
			buildActionMask = 2147483647;
			files = (
				BE7727C528FD5123003F89AE /* ApiError.swift in Sources */,
				BE7727B828FAB974003F89AE /* TravelDirection.swift in Sources */,
				BE5A739D28F9C35200F11CF7 /* Journey.swift in Sources */,
				BE2371E629BB80970016AAE5 /* WatchConnectivitySessionDelegate.swift in Sources */,
				BE2371D929BB5D920016AAE5 /* SharedConfiguration.swift in Sources */,
				BE5A739C28F9C1A000F11CF7 /* TransportService.swift in Sources */,
				BE7727B628FAB921003F89AE /* NextDepartureTimelineEntry.swift in Sources */,
				BE5A739E28F9C35500F11CF7 /* Stop.swift in Sources */,
				BE7727C128FADDDF003F89AE /* SharedConfigurationProvider.swift in Sources */,
			);
			runOnlyForDeploymentPostprocessing = 0;
		};
/* End PBXSourcesBuildPhase section */

/* Begin PBXTargetDependency section */
		BE206A2728F96D8600568190 /* PBXTargetDependency */ = {
			isa = PBXTargetDependency;
			target = BE206A2328F96D8600568190 /* WannVerbindung Watch App */;
			targetProxy = BE206A2628F96D8600568190 /* PBXContainerItemProxy */;
		};
		BE2371DE29BB6D570016AAE5 /* PBXTargetDependency */ = {
			isa = PBXTargetDependency;
			target = BE5A735028F9A80A00F11CF7 /* NextDepartureWatchWidgetExtension */;
			targetProxy = BE2371DD29BB6D570016AAE5 /* PBXContainerItemProxy */;
		};
		BE2371E329BB6D650016AAE5 /* PBXTargetDependency */ = {
			isa = PBXTargetDependency;
			target = BE5A739428F9C19500F11CF7 /* WannVerbindungServices */;
			targetProxy = BE2371E229BB6D650016AAE5 /* PBXContainerItemProxy */;
		};
		BE5A734828F9A10000F11CF7 /* PBXTargetDependency */ = {
			isa = PBXTargetDependency;
			target = BE5A733828F9A0FF00F11CF7 /* NextDepartureIPhoneWidgetExtension */;
			targetProxy = BE5A734728F9A10000F11CF7 /* PBXContainerItemProxy */;
		};
		BE7727AC28F9CAE2003F89AE /* PBXTargetDependency */ = {
			isa = PBXTargetDependency;
			target = BE5A739428F9C19500F11CF7 /* WannVerbindungServices */;
			targetProxy = BE7727AB28F9CAE2003F89AE /* PBXContainerItemProxy */;
		};
		BE7727B128F9CAED003F89AE /* PBXTargetDependency */ = {
			isa = PBXTargetDependency;
			target = BE5A739428F9C19500F11CF7 /* WannVerbindungServices */;
			targetProxy = BE7727B028F9CAED003F89AE /* PBXContainerItemProxy */;
		};
		BE7727C928FDE682003F89AE /* PBXTargetDependency */ = {
			isa = PBXTargetDependency;
			target = BE5A739428F9C19500F11CF7 /* WannVerbindungServices */;
			targetProxy = BE7727C828FDE682003F89AE /* PBXContainerItemProxy */;
		};
/* End PBXTargetDependency section */

/* Begin XCBuildConfiguration section */
		BE206A3228F96D8700568190 /* Debug */ = {
			isa = XCBuildConfiguration;
			buildSettings = {
				ALWAYS_SEARCH_USER_PATHS = NO;
				CLANG_ANALYZER_NONNULL = YES;
				CLANG_ANALYZER_NUMBER_OBJECT_CONVERSION = YES_AGGRESSIVE;
				CLANG_CXX_LANGUAGE_STANDARD = "gnu++20";
				CLANG_ENABLE_MODULES = YES;
				CLANG_ENABLE_OBJC_ARC = YES;
				CLANG_ENABLE_OBJC_WEAK = YES;
				CLANG_WARN_BLOCK_CAPTURE_AUTORELEASING = YES;
				CLANG_WARN_BOOL_CONVERSION = YES;
				CLANG_WARN_COMMA = YES;
				CLANG_WARN_CONSTANT_CONVERSION = YES;
				CLANG_WARN_DEPRECATED_OBJC_IMPLEMENTATIONS = YES;
				CLANG_WARN_DIRECT_OBJC_ISA_USAGE = YES_ERROR;
				CLANG_WARN_DOCUMENTATION_COMMENTS = YES;
				CLANG_WARN_EMPTY_BODY = YES;
				CLANG_WARN_ENUM_CONVERSION = YES;
				CLANG_WARN_INFINITE_RECURSION = YES;
				CLANG_WARN_INT_CONVERSION = YES;
				CLANG_WARN_NON_LITERAL_NULL_CONVERSION = YES;
				CLANG_WARN_OBJC_IMPLICIT_RETAIN_SELF = YES;
				CLANG_WARN_OBJC_LITERAL_CONVERSION = YES;
				CLANG_WARN_OBJC_ROOT_CLASS = YES_ERROR;
				CLANG_WARN_QUOTED_INCLUDE_IN_FRAMEWORK_HEADER = YES;
				CLANG_WARN_RANGE_LOOP_ANALYSIS = YES;
				CLANG_WARN_STRICT_PROTOTYPES = YES;
				CLANG_WARN_SUSPICIOUS_MOVE = YES;
				CLANG_WARN_UNGUARDED_AVAILABILITY = YES_AGGRESSIVE;
				CLANG_WARN_UNREACHABLE_CODE = YES;
				CLANG_WARN__DUPLICATE_METHOD_MATCH = YES;
				COPY_PHASE_STRIP = NO;
				DEBUG_INFORMATION_FORMAT = dwarf;
				ENABLE_STRICT_OBJC_MSGSEND = YES;
				ENABLE_TESTABILITY = YES;
				GCC_C_LANGUAGE_STANDARD = gnu11;
				GCC_DYNAMIC_NO_PIC = NO;
				GCC_NO_COMMON_BLOCKS = YES;
				GCC_OPTIMIZATION_LEVEL = 0;
				GCC_PREPROCESSOR_DEFINITIONS = (
					"DEBUG=1",
					"$(inherited)",
				);
				GCC_WARN_64_TO_32_BIT_CONVERSION = YES;
				GCC_WARN_ABOUT_RETURN_TYPE = YES_ERROR;
				GCC_WARN_UNDECLARED_SELECTOR = YES;
				GCC_WARN_UNINITIALIZED_AUTOS = YES_AGGRESSIVE;
				GCC_WARN_UNUSED_FUNCTION = YES;
				GCC_WARN_UNUSED_VARIABLE = YES;
				MTL_ENABLE_DEBUG_INFO = INCLUDE_SOURCE;
				MTL_FAST_MATH = YES;
				ONLY_ACTIVE_ARCH = YES;
				SWIFT_ACTIVE_COMPILATION_CONDITIONS = DEBUG;
				SWIFT_OPTIMIZATION_LEVEL = "-Onone";
			};
			name = Debug;
		};
		BE206A3328F96D8700568190 /* Release */ = {
			isa = XCBuildConfiguration;
			buildSettings = {
				ALWAYS_SEARCH_USER_PATHS = NO;
				CLANG_ANALYZER_NONNULL = YES;
				CLANG_ANALYZER_NUMBER_OBJECT_CONVERSION = YES_AGGRESSIVE;
				CLANG_CXX_LANGUAGE_STANDARD = "gnu++20";
				CLANG_ENABLE_MODULES = YES;
				CLANG_ENABLE_OBJC_ARC = YES;
				CLANG_ENABLE_OBJC_WEAK = YES;
				CLANG_WARN_BLOCK_CAPTURE_AUTORELEASING = YES;
				CLANG_WARN_BOOL_CONVERSION = YES;
				CLANG_WARN_COMMA = YES;
				CLANG_WARN_CONSTANT_CONVERSION = YES;
				CLANG_WARN_DEPRECATED_OBJC_IMPLEMENTATIONS = YES;
				CLANG_WARN_DIRECT_OBJC_ISA_USAGE = YES_ERROR;
				CLANG_WARN_DOCUMENTATION_COMMENTS = YES;
				CLANG_WARN_EMPTY_BODY = YES;
				CLANG_WARN_ENUM_CONVERSION = YES;
				CLANG_WARN_INFINITE_RECURSION = YES;
				CLANG_WARN_INT_CONVERSION = YES;
				CLANG_WARN_NON_LITERAL_NULL_CONVERSION = YES;
				CLANG_WARN_OBJC_IMPLICIT_RETAIN_SELF = YES;
				CLANG_WARN_OBJC_LITERAL_CONVERSION = YES;
				CLANG_WARN_OBJC_ROOT_CLASS = YES_ERROR;
				CLANG_WARN_QUOTED_INCLUDE_IN_FRAMEWORK_HEADER = YES;
				CLANG_WARN_RANGE_LOOP_ANALYSIS = YES;
				CLANG_WARN_STRICT_PROTOTYPES = YES;
				CLANG_WARN_SUSPICIOUS_MOVE = YES;
				CLANG_WARN_UNGUARDED_AVAILABILITY = YES_AGGRESSIVE;
				CLANG_WARN_UNREACHABLE_CODE = YES;
				CLANG_WARN__DUPLICATE_METHOD_MATCH = YES;
				COPY_PHASE_STRIP = NO;
				DEBUG_INFORMATION_FORMAT = "dwarf-with-dsym";
				ENABLE_NS_ASSERTIONS = NO;
				ENABLE_STRICT_OBJC_MSGSEND = YES;
				GCC_C_LANGUAGE_STANDARD = gnu11;
				GCC_NO_COMMON_BLOCKS = YES;
				GCC_WARN_64_TO_32_BIT_CONVERSION = YES;
				GCC_WARN_ABOUT_RETURN_TYPE = YES_ERROR;
				GCC_WARN_UNDECLARED_SELECTOR = YES;
				GCC_WARN_UNINITIALIZED_AUTOS = YES_AGGRESSIVE;
				GCC_WARN_UNUSED_FUNCTION = YES;
				GCC_WARN_UNUSED_VARIABLE = YES;
				MTL_ENABLE_DEBUG_INFO = NO;
				MTL_FAST_MATH = YES;
				SWIFT_COMPILATION_MODE = wholemodule;
				SWIFT_OPTIMIZATION_LEVEL = "-O";
			};
			name = Release;
		};
		BE206A3528F96D8700568190 /* Debug */ = {
			isa = XCBuildConfiguration;
			buildSettings = {
				ASSETCATALOG_COMPILER_APPICON_NAME = AppIcon;
				ASSETCATALOG_COMPILER_GLOBAL_ACCENT_COLOR_NAME = AccentColor;
				CODE_SIGN_ENTITLEMENTS = "WannVerbindung Watch App/WannVerbindung Watch App.entitlements";
				CODE_SIGN_STYLE = Automatic;
				CURRENT_PROJECT_VERSION = 1;
				DEVELOPMENT_ASSET_PATHS = "\"WannVerbindung Watch App/Preview Content\"";
				DEVELOPMENT_TEAM = 63NZMDFF7Z;
				ENABLE_PREVIEWS = YES;
				GENERATE_INFOPLIST_FILE = YES;
				INFOPLIST_FILE = "WannVerbindung-Watch-App-Info.plist";
				INFOPLIST_KEY_CFBundleDisplayName = WannVerbindung;
				INFOPLIST_KEY_UISupportedInterfaceOrientations = "UIInterfaceOrientationPortrait UIInterfaceOrientationPortraitUpsideDown";
				INFOPLIST_KEY_WKCompanionAppBundleIdentifier = me.rhein.WannVerbindung;
				INFOPLIST_KEY_WKRunsIndependentlyOfCompanionApp = NO;
				LD_RUNPATH_SEARCH_PATHS = (
					"$(inherited)",
					"@executable_path/Frameworks",
				);
				MARKETING_VERSION = 1.0;
				PRODUCT_BUNDLE_IDENTIFIER = me.rhein.WannVerbindung.watchkitapp;
				PRODUCT_NAME = "$(TARGET_NAME)";
				SDKROOT = watchos;
				SKIP_INSTALL = YES;
				SWIFT_EMIT_LOC_STRINGS = YES;
				SWIFT_VERSION = 5.0;
				TARGETED_DEVICE_FAMILY = 4;
				WATCHOS_DEPLOYMENT_TARGET = 9.0;
			};
			name = Debug;
		};
		BE206A3628F96D8700568190 /* Release */ = {
			isa = XCBuildConfiguration;
			buildSettings = {
				ASSETCATALOG_COMPILER_APPICON_NAME = AppIcon;
				ASSETCATALOG_COMPILER_GLOBAL_ACCENT_COLOR_NAME = AccentColor;
				CODE_SIGN_ENTITLEMENTS = "WannVerbindung Watch App/WannVerbindung Watch App.entitlements";
				CODE_SIGN_STYLE = Automatic;
				CURRENT_PROJECT_VERSION = 1;
				DEVELOPMENT_ASSET_PATHS = "\"WannVerbindung Watch App/Preview Content\"";
				DEVELOPMENT_TEAM = 63NZMDFF7Z;
				ENABLE_PREVIEWS = YES;
				GENERATE_INFOPLIST_FILE = YES;
				INFOPLIST_FILE = "WannVerbindung-Watch-App-Info.plist";
				INFOPLIST_KEY_CFBundleDisplayName = WannVerbindung;
				INFOPLIST_KEY_UISupportedInterfaceOrientations = "UIInterfaceOrientationPortrait UIInterfaceOrientationPortraitUpsideDown";
				INFOPLIST_KEY_WKCompanionAppBundleIdentifier = me.rhein.WannVerbindung;
				INFOPLIST_KEY_WKRunsIndependentlyOfCompanionApp = NO;
				LD_RUNPATH_SEARCH_PATHS = (
					"$(inherited)",
					"@executable_path/Frameworks",
				);
				MARKETING_VERSION = 1.0;
				PRODUCT_BUNDLE_IDENTIFIER = me.rhein.WannVerbindung.watchkitapp;
				PRODUCT_NAME = "$(TARGET_NAME)";
				SDKROOT = watchos;
				SKIP_INSTALL = YES;
				SWIFT_EMIT_LOC_STRINGS = YES;
				SWIFT_VERSION = 5.0;
				TARGETED_DEVICE_FAMILY = 4;
				VALIDATE_PRODUCT = YES;
				WATCHOS_DEPLOYMENT_TARGET = 9.0;
			};
			name = Release;
		};
		BE206A3928F96D8700568190 /* Debug */ = {
			isa = XCBuildConfiguration;
			buildSettings = {
				ALWAYS_EMBED_SWIFT_STANDARD_LIBRARIES = YES;
				ASSETCATALOG_COMPILER_APPICON_NAME = AppIcon;
				ASSETCATALOG_COMPILER_GLOBAL_ACCENT_COLOR_NAME = AccentColor;
				CODE_SIGN_ENTITLEMENTS = WannVerbindung/WannVerbindung.entitlements;
				CODE_SIGN_STYLE = Automatic;
				CURRENT_PROJECT_VERSION = 1;
				DEVELOPMENT_ASSET_PATHS = "\"WannVerbindung/Preview Content\"";
				DEVELOPMENT_TEAM = 63NZMDFF7Z;
				ENABLE_PREVIEWS = YES;
				GENERATE_INFOPLIST_FILE = YES;
				INFOPLIST_KEY_CFBundleDisplayName = "Wann Verbindung?!";
				INFOPLIST_KEY_LSApplicationCategoryType = "public.app-category.travel";
				INFOPLIST_KEY_UIApplicationSceneManifest_Generation = YES;
				INFOPLIST_KEY_UIApplicationSupportsIndirectInputEvents = YES;
				INFOPLIST_KEY_UILaunchScreen_Generation = YES;
				INFOPLIST_KEY_UISupportedInterfaceOrientations_iPad = "UIInterfaceOrientationPortrait UIInterfaceOrientationPortraitUpsideDown UIInterfaceOrientationLandscapeLeft UIInterfaceOrientationLandscapeRight";
				INFOPLIST_KEY_UISupportedInterfaceOrientations_iPhone = "UIInterfaceOrientationPortrait UIInterfaceOrientationLandscapeLeft UIInterfaceOrientationLandscapeRight";
				IPHONEOS_DEPLOYMENT_TARGET = 16.0;
				LD_RUNPATH_SEARCH_PATHS = (
					"$(inherited)",
					"@executable_path/Frameworks",
				);
				MARKETING_VERSION = 1.0;
				PRODUCT_BUNDLE_IDENTIFIER = me.rhein.WannVerbindung;
				PRODUCT_NAME = "$(TARGET_NAME)";
				SDKROOT = iphoneos;
				SWIFT_EMIT_LOC_STRINGS = YES;
				SWIFT_VERSION = 5.0;
				TARGETED_DEVICE_FAMILY = "1,2";
			};
			name = Debug;
		};
		BE206A3A28F96D8700568190 /* Release */ = {
			isa = XCBuildConfiguration;
			buildSettings = {
				ALWAYS_EMBED_SWIFT_STANDARD_LIBRARIES = YES;
				ASSETCATALOG_COMPILER_APPICON_NAME = AppIcon;
				ASSETCATALOG_COMPILER_GLOBAL_ACCENT_COLOR_NAME = AccentColor;
				CODE_SIGN_ENTITLEMENTS = WannVerbindung/WannVerbindung.entitlements;
				CODE_SIGN_STYLE = Automatic;
				CURRENT_PROJECT_VERSION = 1;
				DEVELOPMENT_ASSET_PATHS = "\"WannVerbindung/Preview Content\"";
				DEVELOPMENT_TEAM = 63NZMDFF7Z;
				ENABLE_PREVIEWS = YES;
				GENERATE_INFOPLIST_FILE = YES;
				INFOPLIST_KEY_CFBundleDisplayName = "Wann Verbindung?!";
				INFOPLIST_KEY_LSApplicationCategoryType = "public.app-category.travel";
				INFOPLIST_KEY_UIApplicationSceneManifest_Generation = YES;
				INFOPLIST_KEY_UIApplicationSupportsIndirectInputEvents = YES;
				INFOPLIST_KEY_UILaunchScreen_Generation = YES;
				INFOPLIST_KEY_UISupportedInterfaceOrientations_iPad = "UIInterfaceOrientationPortrait UIInterfaceOrientationPortraitUpsideDown UIInterfaceOrientationLandscapeLeft UIInterfaceOrientationLandscapeRight";
				INFOPLIST_KEY_UISupportedInterfaceOrientations_iPhone = "UIInterfaceOrientationPortrait UIInterfaceOrientationLandscapeLeft UIInterfaceOrientationLandscapeRight";
				IPHONEOS_DEPLOYMENT_TARGET = 16.0;
				LD_RUNPATH_SEARCH_PATHS = (
					"$(inherited)",
					"@executable_path/Frameworks",
				);
				MARKETING_VERSION = 1.0;
				PRODUCT_BUNDLE_IDENTIFIER = me.rhein.WannVerbindung;
				PRODUCT_NAME = "$(TARGET_NAME)";
				SDKROOT = iphoneos;
				SWIFT_EMIT_LOC_STRINGS = YES;
				SWIFT_VERSION = 5.0;
				TARGETED_DEVICE_FAMILY = "1,2";
				VALIDATE_PRODUCT = YES;
			};
			name = Release;
		};
		BE5A734B28F9A10000F11CF7 /* Debug */ = {
			isa = XCBuildConfiguration;
			buildSettings = {
				ASSETCATALOG_COMPILER_GLOBAL_ACCENT_COLOR_NAME = AccentColor;
				ASSETCATALOG_COMPILER_WIDGET_BACKGROUND_COLOR_NAME = WidgetBackground;
				CODE_SIGN_ENTITLEMENTS = NextDepartureIPhoneWidgetExtension.entitlements;
				CODE_SIGN_STYLE = Automatic;
				CURRENT_PROJECT_VERSION = 1;
				DEVELOPMENT_TEAM = 63NZMDFF7Z;
				GENERATE_INFOPLIST_FILE = YES;
				INFOPLIST_FILE = NextDepartureIPhoneWidget/Info.plist;
				INFOPLIST_KEY_CFBundleDisplayName = NextDepartureIPhoneWidget;
				INFOPLIST_KEY_NSHumanReadableCopyright = "";
				IPHONEOS_DEPLOYMENT_TARGET = 16.0;
				LD_RUNPATH_SEARCH_PATHS = (
					"$(inherited)",
					"@executable_path/Frameworks",
					"@executable_path/../../Frameworks",
				);
				MARKETING_VERSION = 1.0;
				PRODUCT_BUNDLE_IDENTIFIER = me.rhein.WannVerbindung.NextDepartureIPhoneWidget;
				PRODUCT_NAME = "$(TARGET_NAME)";
				SDKROOT = iphoneos;
				SKIP_INSTALL = YES;
				SWIFT_EMIT_LOC_STRINGS = YES;
				SWIFT_VERSION = 5.0;
				TARGETED_DEVICE_FAMILY = "1,2";
			};
			name = Debug;
		};
		BE5A734C28F9A10000F11CF7 /* Release */ = {
			isa = XCBuildConfiguration;
			buildSettings = {
				ASSETCATALOG_COMPILER_GLOBAL_ACCENT_COLOR_NAME = AccentColor;
				ASSETCATALOG_COMPILER_WIDGET_BACKGROUND_COLOR_NAME = WidgetBackground;
				CODE_SIGN_ENTITLEMENTS = NextDepartureIPhoneWidgetExtension.entitlements;
				CODE_SIGN_STYLE = Automatic;
				CURRENT_PROJECT_VERSION = 1;
				DEVELOPMENT_TEAM = 63NZMDFF7Z;
				GENERATE_INFOPLIST_FILE = YES;
				INFOPLIST_FILE = NextDepartureIPhoneWidget/Info.plist;
				INFOPLIST_KEY_CFBundleDisplayName = NextDepartureIPhoneWidget;
				INFOPLIST_KEY_NSHumanReadableCopyright = "";
				IPHONEOS_DEPLOYMENT_TARGET = 16.0;
				LD_RUNPATH_SEARCH_PATHS = (
					"$(inherited)",
					"@executable_path/Frameworks",
					"@executable_path/../../Frameworks",
				);
				MARKETING_VERSION = 1.0;
				PRODUCT_BUNDLE_IDENTIFIER = me.rhein.WannVerbindung.NextDepartureIPhoneWidget;
				PRODUCT_NAME = "$(TARGET_NAME)";
				SDKROOT = iphoneos;
				SKIP_INSTALL = YES;
				SWIFT_EMIT_LOC_STRINGS = YES;
				SWIFT_VERSION = 5.0;
				TARGETED_DEVICE_FAMILY = "1,2";
				VALIDATE_PRODUCT = YES;
			};
			name = Release;
		};
		BE5A736128F9A80B00F11CF7 /* Debug */ = {
			isa = XCBuildConfiguration;
			buildSettings = {
				ASSETCATALOG_COMPILER_GLOBAL_ACCENT_COLOR_NAME = AccentColor;
				ASSETCATALOG_COMPILER_WIDGET_BACKGROUND_COLOR_NAME = WidgetBackground;
				CODE_SIGN_ENTITLEMENTS = NextDepartureWatchWidgetExtension.entitlements;
				CODE_SIGN_STYLE = Automatic;
				CURRENT_PROJECT_VERSION = 1;
				DEVELOPMENT_TEAM = 63NZMDFF7Z;
				GENERATE_INFOPLIST_FILE = YES;
				INFOPLIST_FILE = NextDepartureWatchWidget/Info.plist;
				INFOPLIST_KEY_CFBundleDisplayName = NextDepartureWatchWidget;
				INFOPLIST_KEY_NSHumanReadableCopyright = "";
				LD_RUNPATH_SEARCH_PATHS = (
					"$(inherited)",
					"@executable_path/Frameworks",
					"@executable_path/../../Frameworks",
					"@executable_path/../../../../Frameworks",
				);
				MARKETING_VERSION = 1.0;
				PRODUCT_BUNDLE_IDENTIFIER = me.rhein.WannVerbindung.watchkitapp.NextDepartureWatchWidget;
				PRODUCT_NAME = "$(TARGET_NAME)";
				SDKROOT = watchos;
				SKIP_INSTALL = YES;
				SWIFT_EMIT_LOC_STRINGS = YES;
				SWIFT_VERSION = 5.0;
				TARGETED_DEVICE_FAMILY = 4;
				WATCHOS_DEPLOYMENT_TARGET = 9.0;
			};
			name = Debug;
		};
		BE5A736228F9A80B00F11CF7 /* Release */ = {
			isa = XCBuildConfiguration;
			buildSettings = {
				ASSETCATALOG_COMPILER_GLOBAL_ACCENT_COLOR_NAME = AccentColor;
				ASSETCATALOG_COMPILER_WIDGET_BACKGROUND_COLOR_NAME = WidgetBackground;
				CODE_SIGN_ENTITLEMENTS = NextDepartureWatchWidgetExtension.entitlements;
				CODE_SIGN_STYLE = Automatic;
				CURRENT_PROJECT_VERSION = 1;
				DEVELOPMENT_TEAM = 63NZMDFF7Z;
				GENERATE_INFOPLIST_FILE = YES;
				INFOPLIST_FILE = NextDepartureWatchWidget/Info.plist;
				INFOPLIST_KEY_CFBundleDisplayName = NextDepartureWatchWidget;
				INFOPLIST_KEY_NSHumanReadableCopyright = "";
				LD_RUNPATH_SEARCH_PATHS = (
					"$(inherited)",
					"@executable_path/Frameworks",
					"@executable_path/../../Frameworks",
					"@executable_path/../../../../Frameworks",
				);
				MARKETING_VERSION = 1.0;
				PRODUCT_BUNDLE_IDENTIFIER = me.rhein.WannVerbindung.watchkitapp.NextDepartureWatchWidget;
				PRODUCT_NAME = "$(TARGET_NAME)";
				SDKROOT = watchos;
				SKIP_INSTALL = YES;
				SWIFT_EMIT_LOC_STRINGS = YES;
				SWIFT_VERSION = 5.0;
				TARGETED_DEVICE_FAMILY = 4;
				VALIDATE_PRODUCT = YES;
				WATCHOS_DEPLOYMENT_TARGET = 9.0;
			};
			name = Release;
		};
		BE5A739A28F9C19500F11CF7 /* Debug */ = {
			isa = XCBuildConfiguration;
			buildSettings = {
				CODE_SIGN_STYLE = Automatic;
				CURRENT_PROJECT_VERSION = 1;
				DEFINES_MODULE = YES;
				DEVELOPMENT_TEAM = 63NZMDFF7Z;
				DYLIB_COMPATIBILITY_VERSION = 1;
				DYLIB_CURRENT_VERSION = 1;
				DYLIB_INSTALL_NAME_BASE = "@rpath";
				GENERATE_INFOPLIST_FILE = YES;
				INFOPLIST_KEY_NSHumanReadableCopyright = "";
				INSTALL_PATH = "$(LOCAL_LIBRARY_DIR)/Frameworks";
				IPHONEOS_DEPLOYMENT_TARGET = 16.0;
				LD_RUNPATH_SEARCH_PATHS = (
					"@executable_path/Frameworks",
					"@loader_path/Frameworks",
				);
				"LD_RUNPATH_SEARCH_PATHS[sdk=macosx*]" = (
					"@executable_path/../Frameworks",
					"@loader_path/Frameworks",
				);
				MACOSX_DEPLOYMENT_TARGET = 12.6;
				MARKETING_VERSION = 1.0;
				PRODUCT_BUNDLE_IDENTIFIER = me.rhein.WannVerbindungServices;
				PRODUCT_NAME = "$(TARGET_NAME:c99extidentifier)";
				SDKROOT = auto;
				SKIP_INSTALL = YES;
				SUPPORTED_PLATFORMS = "iphoneos iphonesimulator macosx watchos watchsimulator";
				SUPPORTS_MACCATALYST = NO;
				SUPPORTS_MAC_DESIGNED_FOR_IPHONE_IPAD = NO;
				SWIFT_EMIT_LOC_STRINGS = YES;
				SWIFT_VERSION = 5.0;
				TARGETED_DEVICE_FAMILY = "1,2,4";
				VERSIONING_SYSTEM = "apple-generic";
				VERSION_INFO_PREFIX = "";
				WATCHOS_DEPLOYMENT_TARGET = 9.0;
			};
			name = Debug;
		};
		BE5A739B28F9C19500F11CF7 /* Release */ = {
			isa = XCBuildConfiguration;
			buildSettings = {
				CODE_SIGN_STYLE = Automatic;
				CURRENT_PROJECT_VERSION = 1;
				DEFINES_MODULE = YES;
				DEVELOPMENT_TEAM = 63NZMDFF7Z;
				DYLIB_COMPATIBILITY_VERSION = 1;
				DYLIB_CURRENT_VERSION = 1;
				DYLIB_INSTALL_NAME_BASE = "@rpath";
				GENERATE_INFOPLIST_FILE = YES;
				INFOPLIST_KEY_NSHumanReadableCopyright = "";
				INSTALL_PATH = "$(LOCAL_LIBRARY_DIR)/Frameworks";
				IPHONEOS_DEPLOYMENT_TARGET = 16.0;
				LD_RUNPATH_SEARCH_PATHS = (
					"@executable_path/Frameworks",
					"@loader_path/Frameworks",
				);
				"LD_RUNPATH_SEARCH_PATHS[sdk=macosx*]" = (
					"@executable_path/../Frameworks",
					"@loader_path/Frameworks",
				);
				MACOSX_DEPLOYMENT_TARGET = 12.6;
				MARKETING_VERSION = 1.0;
				PRODUCT_BUNDLE_IDENTIFIER = me.rhein.WannVerbindungServices;
				PRODUCT_NAME = "$(TARGET_NAME:c99extidentifier)";
				SDKROOT = auto;
				SKIP_INSTALL = YES;
				SUPPORTED_PLATFORMS = "iphoneos iphonesimulator macosx watchos watchsimulator";
				SUPPORTS_MACCATALYST = NO;
				SUPPORTS_MAC_DESIGNED_FOR_IPHONE_IPAD = NO;
				SWIFT_EMIT_LOC_STRINGS = YES;
				SWIFT_VERSION = 5.0;
				TARGETED_DEVICE_FAMILY = "1,2,4";
				VERSIONING_SYSTEM = "apple-generic";
				VERSION_INFO_PREFIX = "";
				WATCHOS_DEPLOYMENT_TARGET = 9.0;
			};
			name = Release;
		};
/* End XCBuildConfiguration section */

/* Begin XCConfigurationList section */
		BE206A0F28F96D8500568190 /* Build configuration list for PBXProject "WannVerbindung" */ = {
			isa = XCConfigurationList;
			buildConfigurations = (
				BE206A3228F96D8700568190 /* Debug */,
				BE206A3328F96D8700568190 /* Release */,
			);
			defaultConfigurationIsVisible = 0;
			defaultConfigurationName = Release;
		};
		BE206A3428F96D8700568190 /* Build configuration list for PBXNativeTarget "WannVerbindung Watch App" */ = {
			isa = XCConfigurationList;
			buildConfigurations = (
				BE206A3528F96D8700568190 /* Debug */,
				BE206A3628F96D8700568190 /* Release */,
			);
			defaultConfigurationIsVisible = 0;
			defaultConfigurationName = Release;
		};
		BE206A3828F96D8700568190 /* Build configuration list for PBXNativeTarget "WannVerbindung" */ = {
			isa = XCConfigurationList;
			buildConfigurations = (
				BE206A3928F96D8700568190 /* Debug */,
				BE206A3A28F96D8700568190 /* Release */,
			);
			defaultConfigurationIsVisible = 0;
			defaultConfigurationName = Release;
		};
		BE5A734A28F9A10000F11CF7 /* Build configuration list for PBXNativeTarget "NextDepartureIPhoneWidgetExtension" */ = {
			isa = XCConfigurationList;
			buildConfigurations = (
				BE5A734B28F9A10000F11CF7 /* Debug */,
				BE5A734C28F9A10000F11CF7 /* Release */,
			);
			defaultConfigurationIsVisible = 0;
			defaultConfigurationName = Release;
		};
		BE5A736028F9A80B00F11CF7 /* Build configuration list for PBXNativeTarget "NextDepartureWatchWidgetExtension" */ = {
			isa = XCConfigurationList;
			buildConfigurations = (
				BE5A736128F9A80B00F11CF7 /* Debug */,
				BE5A736228F9A80B00F11CF7 /* Release */,
			);
			defaultConfigurationIsVisible = 0;
			defaultConfigurationName = Release;
		};
		BE5A739928F9C19500F11CF7 /* Build configuration list for PBXNativeTarget "WannVerbindungServices" */ = {
			isa = XCConfigurationList;
			buildConfigurations = (
				BE5A739A28F9C19500F11CF7 /* Debug */,
				BE5A739B28F9C19500F11CF7 /* Release */,
			);
			defaultConfigurationIsVisible = 0;
			defaultConfigurationName = Release;
		};
/* End XCConfigurationList section */
	};
	rootObject = BE206A0C28F96D8500568190 /* Project object */;
}
