// !$*UTF8*$!
{
	archiveVersion = 1;
	classes = {
	};
	objectVersion = 56;
	objects = {

/* Begin PBXBuildFile section */
		BE206A1828F96D8500568190 /* WannVerbindungApp.swift in Sources */ = {isa = PBXBuildFile; fileRef = BE206A1728F96D8500568190 /* WannVerbindungApp.swift */; };
		BE206A1A28F96D8500568190 /* ContentView.swift in Sources */ = {isa = PBXBuildFile; fileRef = BE206A1928F96D8500568190 /* ContentView.swift */; };
		BE206A1C28F96D8600568190 /* Assets.xcassets in Resources */ = {isa = PBXBuildFile; fileRef = BE206A1B28F96D8600568190 /* Assets.xcassets */; };
		BE206A1F28F96D8600568190 /* Preview Assets.xcassets in Resources */ = {isa = PBXBuildFile; fileRef = BE206A1E28F96D8600568190 /* Preview Assets.xcassets */; };
		BE206A2528F96D8600568190 /* WannVerbindung Watch App.app in Embed Watch Content */ = {isa = PBXBuildFile; fileRef = BE206A2428F96D8600568190 /* WannVerbindung Watch App.app */; settings = {ATTRIBUTES = (RemoveHeadersOnCopy, ); }; };
		BE206A2A28F96D8600568190 /* WannVerbindungApp.swift in Sources */ = {isa = PBXBuildFile; fileRef = BE206A2928F96D8600568190 /* WannVerbindungApp.swift */; };
		BE206A2C28F96D8600568190 /* ContentView.swift in Sources */ = {isa = PBXBuildFile; fileRef = BE206A2B28F96D8600568190 /* ContentView.swift */; };
		BE206A2E28F96D8700568190 /* Assets.xcassets in Resources */ = {isa = PBXBuildFile; fileRef = BE206A2D28F96D8700568190 /* Assets.xcassets */; };
		BE206A3128F96D8700568190 /* Preview Assets.xcassets in Resources */ = {isa = PBXBuildFile; fileRef = BE206A3028F96D8700568190 /* Preview Assets.xcassets */; };
		BE5A733A28F9A0FF00F11CF7 /* WidgetKit.framework in Frameworks */ = {isa = PBXBuildFile; fileRef = BE5A72F028F97A6200F11CF7 /* WidgetKit.framework */; };
		BE5A733B28F9A0FF00F11CF7 /* SwiftUI.framework in Frameworks */ = {isa = PBXBuildFile; fileRef = BE5A72F228F97A6200F11CF7 /* SwiftUI.framework */; };
		BE5A733E28F9A0FF00F11CF7 /* NextDepartureIPhoneWidgetBundle.swift in Sources */ = {isa = PBXBuildFile; fileRef = BE5A733D28F9A0FF00F11CF7 /* NextDepartureIPhoneWidgetBundle.swift */; };
		BE5A734028F9A0FF00F11CF7 /* NextDepartureIPhoneWidget.swift in Sources */ = {isa = PBXBuildFile; fileRef = BE5A733F28F9A0FF00F11CF7 /* NextDepartureIPhoneWidget.swift */; };
		BE5A734328F9A10000F11CF7 /* Assets.xcassets in Resources */ = {isa = PBXBuildFile; fileRef = BE5A734228F9A10000F11CF7 /* Assets.xcassets */; };
		BE5A734528F9A10000F11CF7 /* NextDepartureIPhoneWidget.intentdefinition in Sources */ = {isa = PBXBuildFile; fileRef = BE5A734128F9A0FF00F11CF7 /* NextDepartureIPhoneWidget.intentdefinition */; };
		BE5A734628F9A10000F11CF7 /* NextDepartureIPhoneWidget.intentdefinition in Sources */ = {isa = PBXBuildFile; fileRef = BE5A734128F9A0FF00F11CF7 /* NextDepartureIPhoneWidget.intentdefinition */; };
		BE5A734928F9A10000F11CF7 /* NextDepartureIPhoneWidgetExtension.appex in Embed Foundation Extensions */ = {isa = PBXBuildFile; fileRef = BE5A733928F9A0FF00F11CF7 /* NextDepartureIPhoneWidgetExtension.appex */; settings = {ATTRIBUTES = (RemoveHeadersOnCopy, ); }; };
		BE5A735228F9A80A00F11CF7 /* WidgetKit.framework in Frameworks */ = {isa = PBXBuildFile; fileRef = BE5A72F028F97A6200F11CF7 /* WidgetKit.framework */; };
		BE5A735328F9A80A00F11CF7 /* SwiftUI.framework in Frameworks */ = {isa = PBXBuildFile; fileRef = BE5A72F228F97A6200F11CF7 /* SwiftUI.framework */; };
		BE5A735628F9A80A00F11CF7 /* NextDepartureWatchWidget.swift in Sources */ = {isa = PBXBuildFile; fileRef = BE5A735528F9A80A00F11CF7 /* NextDepartureWatchWidget.swift */; };
		BE5A735928F9A80B00F11CF7 /* Assets.xcassets in Resources */ = {isa = PBXBuildFile; fileRef = BE5A735828F9A80B00F11CF7 /* Assets.xcassets */; };
		BE5A735B28F9A80B00F11CF7 /* NextDepartureWatchWidget.intentdefinition in Sources */ = {isa = PBXBuildFile; fileRef = BE5A735728F9A80A00F11CF7 /* NextDepartureWatchWidget.intentdefinition */; };
		BE5A735C28F9A80B00F11CF7 /* NextDepartureWatchWidget.intentdefinition in Sources */ = {isa = PBXBuildFile; fileRef = BE5A735728F9A80A00F11CF7 /* NextDepartureWatchWidget.intentdefinition */; };
		BE5A735F28F9A80B00F11CF7 /* NextDepartureWatchWidgetExtension.appex in Embed Foundation Extensions */ = {isa = PBXBuildFile; fileRef = BE5A735128F9A80A00F11CF7 /* NextDepartureWatchWidgetExtension.appex */; settings = {ATTRIBUTES = (RemoveHeadersOnCopy, ); }; };
		BE5A736B28F9A9F100F11CF7 /* TransportRestService.h in Headers */ = {isa = PBXBuildFile; fileRef = BE5A736A28F9A9F100F11CF7 /* TransportRestService.h */; settings = {ATTRIBUTES = (Public, ); }; };
		BE5A736E28F9A9F100F11CF7 /* TransportRestService.framework in Frameworks */ = {isa = PBXBuildFile; fileRef = BE5A736828F9A9F100F11CF7 /* TransportRestService.framework */; };
		BE5A736F28F9A9F100F11CF7 /* TransportRestService.framework in Embed Frameworks */ = {isa = PBXBuildFile; fileRef = BE5A736828F9A9F100F11CF7 /* TransportRestService.framework */; settings = {ATTRIBUTES = (CodeSignOnCopy, RemoveHeadersOnCopy, ); }; };
		BE5A737528F9AA3400F11CF7 /* TransportService.swift in Sources */ = {isa = PBXBuildFile; fileRef = BE5A737428F9AA3400F11CF7 /* TransportService.swift */; };
		BE5A737D28F9B19C00F11CF7 /* Journey.swift in Sources */ = {isa = PBXBuildFile; fileRef = BE5A737C28F9B19C00F11CF7 /* Journey.swift */; };
		BE5A738328F9B6D900F11CF7 /* Stop.swift in Sources */ = {isa = PBXBuildFile; fileRef = BE5A738228F9B6D900F11CF7 /* Stop.swift */; };
/* End PBXBuildFile section */

/* Begin PBXContainerItemProxy section */
		BE206A2628F96D8600568190 /* PBXContainerItemProxy */ = {
			isa = PBXContainerItemProxy;
			containerPortal = BE206A0C28F96D8500568190 /* Project object */;
			proxyType = 1;
			remoteGlobalIDString = BE206A2328F96D8600568190;
			remoteInfo = "WannVerbindung Watch App";
		};
		BE5A734728F9A10000F11CF7 /* PBXContainerItemProxy */ = {
			isa = PBXContainerItemProxy;
			containerPortal = BE206A0C28F96D8500568190 /* Project object */;
			proxyType = 1;
			remoteGlobalIDString = BE5A733828F9A0FF00F11CF7;
			remoteInfo = NextDepartureIPhoneWidgetExtension;
		};
		BE5A735D28F9A80B00F11CF7 /* PBXContainerItemProxy */ = {
			isa = PBXContainerItemProxy;
			containerPortal = BE206A0C28F96D8500568190 /* Project object */;
			proxyType = 1;
			remoteGlobalIDString = BE5A735028F9A80A00F11CF7;
			remoteInfo = NextDepartureWatchWidgetExtension;
		};
		BE5A736C28F9A9F100F11CF7 /* PBXContainerItemProxy */ = {
			isa = PBXContainerItemProxy;
			containerPortal = BE206A0C28F96D8500568190 /* Project object */;
			proxyType = 1;
			remoteGlobalIDString = BE5A736728F9A9F100F11CF7;
			remoteInfo = TransportRestService;
		};
/* End PBXContainerItemProxy section */

/* Begin PBXCopyFilesBuildPhase section */
		BE206A3728F96D8700568190 /* Embed Watch Content */ = {
			isa = PBXCopyFilesBuildPhase;
			buildActionMask = 2147483647;
			dstPath = "$(CONTENTS_FOLDER_PATH)/Watch";
			dstSubfolderSpec = 16;
			files = (
				BE206A2528F96D8600568190 /* WannVerbindung Watch App.app in Embed Watch Content */,
			);
			name = "Embed Watch Content";
			runOnlyForDeploymentPostprocessing = 0;
		};
		BE206A4E28F974D400568190 /* Embed ExtensionKit Extensions */ = {
			isa = PBXCopyFilesBuildPhase;
			buildActionMask = 2147483647;
			dstPath = "$(EXTENSIONS_FOLDER_PATH)";
			dstSubfolderSpec = 16;
			files = (
			);
			name = "Embed ExtensionKit Extensions";
			runOnlyForDeploymentPostprocessing = 0;
		};
		BE5A730328F97A6200F11CF7 /* Embed Foundation Extensions */ = {
			isa = PBXCopyFilesBuildPhase;
			buildActionMask = 2147483647;
			dstPath = "";
			dstSubfolderSpec = 13;
			files = (
				BE5A735F28F9A80B00F11CF7 /* NextDepartureWatchWidgetExtension.appex in Embed Foundation Extensions */,
			);
			name = "Embed Foundation Extensions";
			runOnlyForDeploymentPostprocessing = 0;
		};
		BE5A733428F99DC700F11CF7 /* Embed Foundation Extensions */ = {
			isa = PBXCopyFilesBuildPhase;
			buildActionMask = 2147483647;
			dstPath = "";
			dstSubfolderSpec = 13;
			files = (
				BE5A734928F9A10000F11CF7 /* NextDepartureIPhoneWidgetExtension.appex in Embed Foundation Extensions */,
			);
			name = "Embed Foundation Extensions";
			runOnlyForDeploymentPostprocessing = 0;
		};
		BE5A737328F9A9F100F11CF7 /* Embed Frameworks */ = {
			isa = PBXCopyFilesBuildPhase;
			buildActionMask = 2147483647;
			dstPath = "";
			dstSubfolderSpec = 10;
			files = (
				BE5A736F28F9A9F100F11CF7 /* TransportRestService.framework in Embed Frameworks */,
			);
			name = "Embed Frameworks";
			runOnlyForDeploymentPostprocessing = 0;
		};
/* End PBXCopyFilesBuildPhase section */

/* Begin PBXFileReference section */
		BE206A1428F96D8500568190 /* WannVerbindung.app */ = {isa = PBXFileReference; explicitFileType = wrapper.application; includeInIndex = 0; path = WannVerbindung.app; sourceTree = BUILT_PRODUCTS_DIR; };
		BE206A1728F96D8500568190 /* WannVerbindungApp.swift */ = {isa = PBXFileReference; lastKnownFileType = sourcecode.swift; path = WannVerbindungApp.swift; sourceTree = "<group>"; };
		BE206A1928F96D8500568190 /* ContentView.swift */ = {isa = PBXFileReference; lastKnownFileType = sourcecode.swift; path = ContentView.swift; sourceTree = "<group>"; };
		BE206A1B28F96D8600568190 /* Assets.xcassets */ = {isa = PBXFileReference; lastKnownFileType = folder.assetcatalog; path = Assets.xcassets; sourceTree = "<group>"; };
		BE206A1E28F96D8600568190 /* Preview Assets.xcassets */ = {isa = PBXFileReference; lastKnownFileType = folder.assetcatalog; path = "Preview Assets.xcassets"; sourceTree = "<group>"; };
		BE206A2428F96D8600568190 /* WannVerbindung Watch App.app */ = {isa = PBXFileReference; explicitFileType = wrapper.application; includeInIndex = 0; path = "WannVerbindung Watch App.app"; sourceTree = BUILT_PRODUCTS_DIR; };
		BE206A2928F96D8600568190 /* WannVerbindungApp.swift */ = {isa = PBXFileReference; lastKnownFileType = sourcecode.swift; path = WannVerbindungApp.swift; sourceTree = "<group>"; };
		BE206A2B28F96D8600568190 /* ContentView.swift */ = {isa = PBXFileReference; lastKnownFileType = sourcecode.swift; path = ContentView.swift; sourceTree = "<group>"; };
		BE206A2D28F96D8700568190 /* Assets.xcassets */ = {isa = PBXFileReference; lastKnownFileType = folder.assetcatalog; path = Assets.xcassets; sourceTree = "<group>"; };
		BE206A3028F96D8700568190 /* Preview Assets.xcassets */ = {isa = PBXFileReference; lastKnownFileType = folder.assetcatalog; path = "Preview Assets.xcassets"; sourceTree = "<group>"; };
		BE5A72F028F97A6200F11CF7 /* WidgetKit.framework */ = {isa = PBXFileReference; lastKnownFileType = wrapper.framework; name = WidgetKit.framework; path = System/Library/Frameworks/WidgetKit.framework; sourceTree = SDKROOT; };
		BE5A72F228F97A6200F11CF7 /* SwiftUI.framework */ = {isa = PBXFileReference; lastKnownFileType = wrapper.framework; name = SwiftUI.framework; path = System/Library/Frameworks/SwiftUI.framework; sourceTree = SDKROOT; };
		BE5A733928F9A0FF00F11CF7 /* NextDepartureIPhoneWidgetExtension.appex */ = {isa = PBXFileReference; explicitFileType = "wrapper.app-extension"; includeInIndex = 0; path = NextDepartureIPhoneWidgetExtension.appex; sourceTree = BUILT_PRODUCTS_DIR; };
		BE5A733D28F9A0FF00F11CF7 /* NextDepartureIPhoneWidgetBundle.swift */ = {isa = PBXFileReference; lastKnownFileType = sourcecode.swift; path = NextDepartureIPhoneWidgetBundle.swift; sourceTree = "<group>"; };
		BE5A733F28F9A0FF00F11CF7 /* NextDepartureIPhoneWidget.swift */ = {isa = PBXFileReference; lastKnownFileType = sourcecode.swift; path = NextDepartureIPhoneWidget.swift; sourceTree = "<group>"; };
		BE5A734128F9A0FF00F11CF7 /* NextDepartureIPhoneWidget.intentdefinition */ = {isa = PBXFileReference; lastKnownFileType = file.intentdefinition; path = NextDepartureIPhoneWidget.intentdefinition; sourceTree = "<group>"; };
		BE5A734228F9A10000F11CF7 /* Assets.xcassets */ = {isa = PBXFileReference; lastKnownFileType = folder.assetcatalog; path = Assets.xcassets; sourceTree = "<group>"; };
		BE5A734428F9A10000F11CF7 /* Info.plist */ = {isa = PBXFileReference; lastKnownFileType = text.plist.xml; path = Info.plist; sourceTree = "<group>"; };
		BE5A735128F9A80A00F11CF7 /* NextDepartureWatchWidgetExtension.appex */ = {isa = PBXFileReference; explicitFileType = "wrapper.app-extension"; includeInIndex = 0; path = NextDepartureWatchWidgetExtension.appex; sourceTree = BUILT_PRODUCTS_DIR; };
		BE5A735528F9A80A00F11CF7 /* NextDepartureWatchWidget.swift */ = {isa = PBXFileReference; lastKnownFileType = sourcecode.swift; path = NextDepartureWatchWidget.swift; sourceTree = "<group>"; };
		BE5A735728F9A80A00F11CF7 /* NextDepartureWatchWidget.intentdefinition */ = {isa = PBXFileReference; lastKnownFileType = file.intentdefinition; path = NextDepartureWatchWidget.intentdefinition; sourceTree = "<group>"; };
		BE5A735828F9A80B00F11CF7 /* Assets.xcassets */ = {isa = PBXFileReference; lastKnownFileType = folder.assetcatalog; path = Assets.xcassets; sourceTree = "<group>"; };
		BE5A735A28F9A80B00F11CF7 /* Info.plist */ = {isa = PBXFileReference; lastKnownFileType = text.plist.xml; path = Info.plist; sourceTree = "<group>"; };
		BE5A736828F9A9F100F11CF7 /* TransportRestService.framework */ = {isa = PBXFileReference; explicitFileType = wrapper.framework; includeInIndex = 0; path = TransportRestService.framework; sourceTree = BUILT_PRODUCTS_DIR; };
		BE5A736A28F9A9F100F11CF7 /* TransportRestService.h */ = {isa = PBXFileReference; lastKnownFileType = sourcecode.c.h; path = TransportRestService.h; sourceTree = "<group>"; };
		BE5A737428F9AA3400F11CF7 /* TransportService.swift */ = {isa = PBXFileReference; lastKnownFileType = sourcecode.swift; path = TransportService.swift; sourceTree = "<group>"; };
		BE5A737C28F9B19C00F11CF7 /* Journey.swift */ = {isa = PBXFileReference; lastKnownFileType = sourcecode.swift; path = Journey.swift; sourceTree = "<group>"; };
		BE5A738228F9B6D900F11CF7 /* Stop.swift */ = {isa = PBXFileReference; lastKnownFileType = sourcecode.swift; path = Stop.swift; sourceTree = "<group>"; };
/* End PBXFileReference section */

/* Begin PBXFrameworksBuildPhase section */
		BE206A1128F96D8500568190 /* Frameworks */ = {
			isa = PBXFrameworksBuildPhase;
			buildActionMask = 2147483647;
			files = (
				BE5A736E28F9A9F100F11CF7 /* TransportRestService.framework in Frameworks */,
			);
			runOnlyForDeploymentPostprocessing = 0;
		};
		BE206A2128F96D8600568190 /* Frameworks */ = {
			isa = PBXFrameworksBuildPhase;
			buildActionMask = 2147483647;
			files = (
			);
			runOnlyForDeploymentPostprocessing = 0;
		};
		BE5A733628F9A0FF00F11CF7 /* Frameworks */ = {
			isa = PBXFrameworksBuildPhase;
			buildActionMask = 2147483647;
			files = (
				BE5A733B28F9A0FF00F11CF7 /* SwiftUI.framework in Frameworks */,
				BE5A733A28F9A0FF00F11CF7 /* WidgetKit.framework in Frameworks */,
			);
			runOnlyForDeploymentPostprocessing = 0;
		};
		BE5A734E28F9A80A00F11CF7 /* Frameworks */ = {
			isa = PBXFrameworksBuildPhase;
			buildActionMask = 2147483647;
			files = (
				BE5A735328F9A80A00F11CF7 /* SwiftUI.framework in Frameworks */,
				BE5A735228F9A80A00F11CF7 /* WidgetKit.framework in Frameworks */,
			);
			runOnlyForDeploymentPostprocessing = 0;
		};
		BE5A736528F9A9F100F11CF7 /* Frameworks */ = {
			isa = PBXFrameworksBuildPhase;
			buildActionMask = 2147483647;
			files = (
			);
			runOnlyForDeploymentPostprocessing = 0;
		};
/* End PBXFrameworksBuildPhase section */

/* Begin PBXGroup section */
		BE206A0B28F96D8500568190 = {
			isa = PBXGroup;
			children = (
				BE206A1628F96D8500568190 /* WannVerbindung */,
				BE206A2828F96D8600568190 /* WannVerbindung Watch App */,
				BE5A733C28F9A0FF00F11CF7 /* NextDepartureIPhoneWidget */,
				BE5A735428F9A80A00F11CF7 /* NextDepartureWatchWidget */,
				BE5A736928F9A9F100F11CF7 /* TransportRestService */,
				BE5A72EF28F97A6200F11CF7 /* Frameworks */,
				BE206A1528F96D8500568190 /* Products */,
			);
			sourceTree = "<group>";
		};
		BE206A1528F96D8500568190 /* Products */ = {
			isa = PBXGroup;
			children = (
				BE206A1428F96D8500568190 /* WannVerbindung.app */,
				BE206A2428F96D8600568190 /* WannVerbindung Watch App.app */,
				BE5A733928F9A0FF00F11CF7 /* NextDepartureIPhoneWidgetExtension.appex */,
				BE5A735128F9A80A00F11CF7 /* NextDepartureWatchWidgetExtension.appex */,
				BE5A736828F9A9F100F11CF7 /* TransportRestService.framework */,
			);
			name = Products;
			sourceTree = "<group>";
		};
		BE206A1628F96D8500568190 /* WannVerbindung */ = {
			isa = PBXGroup;
			children = (
				BE206A1728F96D8500568190 /* WannVerbindungApp.swift */,
				BE206A1928F96D8500568190 /* ContentView.swift */,
				BE206A1B28F96D8600568190 /* Assets.xcassets */,
				BE206A1D28F96D8600568190 /* Preview Content */,
			);
			path = WannVerbindung;
			sourceTree = "<group>";
		};
		BE206A1D28F96D8600568190 /* Preview Content */ = {
			isa = PBXGroup;
			children = (
				BE206A1E28F96D8600568190 /* Preview Assets.xcassets */,
			);
			path = "Preview Content";
			sourceTree = "<group>";
		};
		BE206A2828F96D8600568190 /* WannVerbindung Watch App */ = {
			isa = PBXGroup;
			children = (
				BE206A2928F96D8600568190 /* WannVerbindungApp.swift */,
				BE206A2B28F96D8600568190 /* ContentView.swift */,
				BE206A2D28F96D8700568190 /* Assets.xcassets */,
				BE206A2F28F96D8700568190 /* Preview Content */,
			);
			path = "WannVerbindung Watch App";
			sourceTree = "<group>";
		};
		BE206A2F28F96D8700568190 /* Preview Content */ = {
			isa = PBXGroup;
			children = (
				BE206A3028F96D8700568190 /* Preview Assets.xcassets */,
			);
			path = "Preview Content";
			sourceTree = "<group>";
		};
		BE5A72EF28F97A6200F11CF7 /* Frameworks */ = {
			isa = PBXGroup;
			children = (
				BE5A72F028F97A6200F11CF7 /* WidgetKit.framework */,
				BE5A72F228F97A6200F11CF7 /* SwiftUI.framework */,
			);
			name = Frameworks;
			sourceTree = "<group>";
		};
		BE5A733C28F9A0FF00F11CF7 /* NextDepartureIPhoneWidget */ = {
			isa = PBXGroup;
			children = (
				BE5A733D28F9A0FF00F11CF7 /* NextDepartureIPhoneWidgetBundle.swift */,
				BE5A733F28F9A0FF00F11CF7 /* NextDepartureIPhoneWidget.swift */,
				BE5A734128F9A0FF00F11CF7 /* NextDepartureIPhoneWidget.intentdefinition */,
				BE5A734228F9A10000F11CF7 /* Assets.xcassets */,
				BE5A734428F9A10000F11CF7 /* Info.plist */,
			);
			path = NextDepartureIPhoneWidget;
			sourceTree = "<group>";
		};
		BE5A735428F9A80A00F11CF7 /* NextDepartureWatchWidget */ = {
			isa = PBXGroup;
			children = (
				BE5A735528F9A80A00F11CF7 /* NextDepartureWatchWidget.swift */,
				BE5A735728F9A80A00F11CF7 /* NextDepartureWatchWidget.intentdefinition */,
				BE5A735828F9A80B00F11CF7 /* Assets.xcassets */,
				BE5A735A28F9A80B00F11CF7 /* Info.plist */,
			);
			path = NextDepartureWatchWidget;
			sourceTree = "<group>";
		};
		BE5A736928F9A9F100F11CF7 /* TransportRestService */ = {
			isa = PBXGroup;
			children = (
				BE5A736A28F9A9F100F11CF7 /* TransportRestService.h */,
				BE5A737428F9AA3400F11CF7 /* TransportService.swift */,
				BE5A737C28F9B19C00F11CF7 /* Journey.swift */,
				BE5A738228F9B6D900F11CF7 /* Stop.swift */,
			);
			path = TransportRestService;
			sourceTree = "<group>";
		};
/* End PBXGroup section */

/* Begin PBXHeadersBuildPhase section */
		BE5A736328F9A9F100F11CF7 /* Headers */ = {
			isa = PBXHeadersBuildPhase;
			buildActionMask = 2147483647;
			files = (
				BE5A736B28F9A9F100F11CF7 /* TransportRestService.h in Headers */,
			);
			runOnlyForDeploymentPostprocessing = 0;
		};
/* End PBXHeadersBuildPhase section */

/* Begin PBXNativeTarget section */
		BE206A1328F96D8500568190 /* WannVerbindung */ = {
			isa = PBXNativeTarget;
			buildConfigurationList = BE206A3828F96D8700568190 /* Build configuration list for PBXNativeTarget "WannVerbindung" */;
			buildPhases = (
				BE206A1028F96D8500568190 /* Sources */,
				BE206A1128F96D8500568190 /* Frameworks */,
				BE206A1228F96D8500568190 /* Resources */,
				BE206A3728F96D8700568190 /* Embed Watch Content */,
				BE5A733428F99DC700F11CF7 /* Embed Foundation Extensions */,
				BE5A737328F9A9F100F11CF7 /* Embed Frameworks */,
			);
			buildRules = (
			);
			dependencies = (
				BE206A2728F96D8600568190 /* PBXTargetDependency */,
				BE5A734828F9A10000F11CF7 /* PBXTargetDependency */,
				BE5A736D28F9A9F100F11CF7 /* PBXTargetDependency */,
			);
			name = WannVerbindung;
			productName = WannVerbindung;
			productReference = BE206A1428F96D8500568190 /* WannVerbindung.app */;
			productType = "com.apple.product-type.application";
		};
		BE206A2328F96D8600568190 /* WannVerbindung Watch App */ = {
			isa = PBXNativeTarget;
			buildConfigurationList = BE206A3428F96D8700568190 /* Build configuration list for PBXNativeTarget "WannVerbindung Watch App" */;
			buildPhases = (
				BE206A2028F96D8600568190 /* Sources */,
				BE206A2128F96D8600568190 /* Frameworks */,
				BE206A2228F96D8600568190 /* Resources */,
				BE206A4E28F974D400568190 /* Embed ExtensionKit Extensions */,
				BE5A730328F97A6200F11CF7 /* Embed Foundation Extensions */,
			);
			buildRules = (
			);
			dependencies = (
				BE5A735E28F9A80B00F11CF7 /* PBXTargetDependency */,
			);
			name = "WannVerbindung Watch App";
			productName = "WannVerbindung Watch App";
			productReference = BE206A2428F96D8600568190 /* WannVerbindung Watch App.app */;
			productType = "com.apple.product-type.application";
		};
		BE5A733828F9A0FF00F11CF7 /* NextDepartureIPhoneWidgetExtension */ = {
			isa = PBXNativeTarget;
			buildConfigurationList = BE5A734A28F9A10000F11CF7 /* Build configuration list for PBXNativeTarget "NextDepartureIPhoneWidgetExtension" */;
			buildPhases = (
				BE5A733528F9A0FF00F11CF7 /* Sources */,
				BE5A733628F9A0FF00F11CF7 /* Frameworks */,
				BE5A733728F9A0FF00F11CF7 /* Resources */,
			);
			buildRules = (
			);
			dependencies = (
			);
			name = NextDepartureIPhoneWidgetExtension;
			productName = NextDepartureIPhoneWidgetExtension;
			productReference = BE5A733928F9A0FF00F11CF7 /* NextDepartureIPhoneWidgetExtension.appex */;
			productType = "com.apple.product-type.app-extension";
		};
		BE5A735028F9A80A00F11CF7 /* NextDepartureWatchWidgetExtension */ = {
			isa = PBXNativeTarget;
			buildConfigurationList = BE5A736028F9A80B00F11CF7 /* Build configuration list for PBXNativeTarget "NextDepartureWatchWidgetExtension" */;
			buildPhases = (
				BE5A734D28F9A80A00F11CF7 /* Sources */,
				BE5A734E28F9A80A00F11CF7 /* Frameworks */,
				BE5A734F28F9A80A00F11CF7 /* Resources */,
			);
			buildRules = (
			);
			dependencies = (
			);
			name = NextDepartureWatchWidgetExtension;
			productName = NextDepartureWatchWidgetExtension;
			productReference = BE5A735128F9A80A00F11CF7 /* NextDepartureWatchWidgetExtension.appex */;
			productType = "com.apple.product-type.app-extension";
		};
		BE5A736728F9A9F100F11CF7 /* TransportRestService */ = {
			isa = PBXNativeTarget;
			buildConfigurationList = BE5A737028F9A9F100F11CF7 /* Build configuration list for PBXNativeTarget "TransportRestService" */;
			buildPhases = (
				BE5A736328F9A9F100F11CF7 /* Headers */,
				BE5A736428F9A9F100F11CF7 /* Sources */,
				BE5A736528F9A9F100F11CF7 /* Frameworks */,
				BE5A736628F9A9F100F11CF7 /* Resources */,
			);
			buildRules = (
			);
			dependencies = (
			);
			name = TransportRestService;
			productName = TransportRestService;
			productReference = BE5A736828F9A9F100F11CF7 /* TransportRestService.framework */;
			productType = "com.apple.product-type.framework";
		};
/* End PBXNativeTarget section */

/* Begin PBXProject section */
		BE206A0C28F96D8500568190 /* Project object */ = {
			isa = PBXProject;
			attributes = {
				BuildIndependentTargetsInParallel = 1;
				LastSwiftUpdateCheck = 1410;
				LastUpgradeCheck = 1410;
				TargetAttributes = {
					BE206A1328F96D8500568190 = {
						CreatedOnToolsVersion = 14.1;
					};
					BE206A2328F96D8600568190 = {
						CreatedOnToolsVersion = 14.1;
					};
					BE5A733828F9A0FF00F11CF7 = {
						CreatedOnToolsVersion = 14.1;
					};
					BE5A735028F9A80A00F11CF7 = {
						CreatedOnToolsVersion = 14.1;
					};
					BE5A736728F9A9F100F11CF7 = {
						CreatedOnToolsVersion = 14.1;
						LastSwiftMigration = 1410;
					};
				};
			};
			buildConfigurationList = BE206A0F28F96D8500568190 /* Build configuration list for PBXProject "WannVerbindung" */;
			compatibilityVersion = "Xcode 14.0";
			developmentRegion = en;
			hasScannedForEncodings = 0;
			knownRegions = (
				en,
				Base,
			);
			mainGroup = BE206A0B28F96D8500568190;
			productRefGroup = BE206A1528F96D8500568190 /* Products */;
			projectDirPath = "";
			projectRoot = "";
			targets = (
				BE206A1328F96D8500568190 /* WannVerbindung */,
				BE206A2328F96D8600568190 /* WannVerbindung Watch App */,
				BE5A733828F9A0FF00F11CF7 /* NextDepartureIPhoneWidgetExtension */,
				BE5A735028F9A80A00F11CF7 /* NextDepartureWatchWidgetExtension */,
				BE5A736728F9A9F100F11CF7 /* TransportRestService */,
			);
		};
/* End PBXProject section */

/* Begin PBXResourcesBuildPhase section */
		BE206A1228F96D8500568190 /* Resources */ = {
			isa = PBXResourcesBuildPhase;
			buildActionMask = 2147483647;
			files = (
				BE206A1F28F96D8600568190 /* Preview Assets.xcassets in Resources */,
				BE206A1C28F96D8600568190 /* Assets.xcassets in Resources */,
			);
			runOnlyForDeploymentPostprocessing = 0;
		};
		BE206A2228F96D8600568190 /* Resources */ = {
			isa = PBXResourcesBuildPhase;
			buildActionMask = 2147483647;
			files = (
				BE206A3128F96D8700568190 /* Preview Assets.xcassets in Resources */,
				BE206A2E28F96D8700568190 /* Assets.xcassets in Resources */,
			);
			runOnlyForDeploymentPostprocessing = 0;
		};
		BE5A733728F9A0FF00F11CF7 /* Resources */ = {
			isa = PBXResourcesBuildPhase;
			buildActionMask = 2147483647;
			files = (
				BE5A734328F9A10000F11CF7 /* Assets.xcassets in Resources */,
			);
			runOnlyForDeploymentPostprocessing = 0;
		};
		BE5A734F28F9A80A00F11CF7 /* Resources */ = {
			isa = PBXResourcesBuildPhase;
			buildActionMask = 2147483647;
			files = (
				BE5A735928F9A80B00F11CF7 /* Assets.xcassets in Resources */,
			);
			runOnlyForDeploymentPostprocessing = 0;
		};
		BE5A736628F9A9F100F11CF7 /* Resources */ = {
			isa = PBXResourcesBuildPhase;
			buildActionMask = 2147483647;
			files = (
			);
			runOnlyForDeploymentPostprocessing = 0;
		};
/* End PBXResourcesBuildPhase section */

/* Begin PBXSourcesBuildPhase section */
		BE206A1028F96D8500568190 /* Sources */ = {
			isa = PBXSourcesBuildPhase;
			buildActionMask = 2147483647;
			files = (
				BE206A1A28F96D8500568190 /* ContentView.swift in Sources */,
				BE206A1828F96D8500568190 /* WannVerbindungApp.swift in Sources */,
				BE5A734628F9A10000F11CF7 /* NextDepartureIPhoneWidget.intentdefinition in Sources */,
			);
			runOnlyForDeploymentPostprocessing = 0;
		};
		BE206A2028F96D8600568190 /* Sources */ = {
			isa = PBXSourcesBuildPhase;
			buildActionMask = 2147483647;
			files = (
				BE5A735C28F9A80B00F11CF7 /* NextDepartureWatchWidget.intentdefinition in Sources */,
				BE206A2C28F96D8600568190 /* ContentView.swift in Sources */,
				BE206A2A28F96D8600568190 /* WannVerbindungApp.swift in Sources */,
			);
			runOnlyForDeploymentPostprocessing = 0;
		};
		BE5A733528F9A0FF00F11CF7 /* Sources */ = {
			isa = PBXSourcesBuildPhase;
			buildActionMask = 2147483647;
			files = (
				BE5A734028F9A0FF00F11CF7 /* NextDepartureIPhoneWidget.swift in Sources */,
				BE5A733E28F9A0FF00F11CF7 /* NextDepartureIPhoneWidgetBundle.swift in Sources */,
				BE5A734528F9A10000F11CF7 /* NextDepartureIPhoneWidget.intentdefinition in Sources */,
			);
			runOnlyForDeploymentPostprocessing = 0;
		};
		BE5A734D28F9A80A00F11CF7 /* Sources */ = {
			isa = PBXSourcesBuildPhase;
			buildActionMask = 2147483647;
			files = (
				BE5A735B28F9A80B00F11CF7 /* NextDepartureWatchWidget.intentdefinition in Sources */,
				BE5A735628F9A80A00F11CF7 /* NextDepartureWatchWidget.swift in Sources */,
			);
			runOnlyForDeploymentPostprocessing = 0;
		};
		BE5A736428F9A9F100F11CF7 /* Sources */ = {
			isa = PBXSourcesBuildPhase;
			buildActionMask = 2147483647;
			files = (
				BE5A737D28F9B19C00F11CF7 /* Journey.swift in Sources */,
				BE5A738328F9B6D900F11CF7 /* Stop.swift in Sources */,
				BE5A737528F9AA3400F11CF7 /* TransportService.swift in Sources */,
			);
			runOnlyForDeploymentPostprocessing = 0;
		};
/* End PBXSourcesBuildPhase section */

/* Begin PBXTargetDependency section */
		BE206A2728F96D8600568190 /* PBXTargetDependency */ = {
			isa = PBXTargetDependency;
			target = BE206A2328F96D8600568190 /* WannVerbindung Watch App */;
			targetProxy = BE206A2628F96D8600568190 /* PBXContainerItemProxy */;
		};
		BE5A734828F9A10000F11CF7 /* PBXTargetDependency */ = {
			isa = PBXTargetDependency;
			target = BE5A733828F9A0FF00F11CF7 /* NextDepartureIPhoneWidgetExtension */;
			targetProxy = BE5A734728F9A10000F11CF7 /* PBXContainerItemProxy */;
		};
		BE5A735E28F9A80B00F11CF7 /* PBXTargetDependency */ = {
			isa = PBXTargetDependency;
			target = BE5A735028F9A80A00F11CF7 /* NextDepartureWatchWidgetExtension */;
			targetProxy = BE5A735D28F9A80B00F11CF7 /* PBXContainerItemProxy */;
		};
		BE5A736D28F9A9F100F11CF7 /* PBXTargetDependency */ = {
			isa = PBXTargetDependency;
			target = BE5A736728F9A9F100F11CF7 /* TransportRestService */;
			targetProxy = BE5A736C28F9A9F100F11CF7 /* PBXContainerItemProxy */;
		};
/* End PBXTargetDependency section */

/* Begin XCBuildConfiguration section */
		BE206A3228F96D8700568190 /* Debug */ = {
			isa = XCBuildConfiguration;
			buildSettings = {
				ALWAYS_SEARCH_USER_PATHS = NO;
				CLANG_ANALYZER_NONNULL = YES;
				CLANG_ANALYZER_NUMBER_OBJECT_CONVERSION = YES_AGGRESSIVE;
				CLANG_CXX_LANGUAGE_STANDARD = "gnu++20";
				CLANG_ENABLE_MODULES = YES;
				CLANG_ENABLE_OBJC_ARC = YES;
				CLANG_ENABLE_OBJC_WEAK = YES;
				CLANG_WARN_BLOCK_CAPTURE_AUTORELEASING = YES;
				CLANG_WARN_BOOL_CONVERSION = YES;
				CLANG_WARN_COMMA = YES;
				CLANG_WARN_CONSTANT_CONVERSION = YES;
				CLANG_WARN_DEPRECATED_OBJC_IMPLEMENTATIONS = YES;
				CLANG_WARN_DIRECT_OBJC_ISA_USAGE = YES_ERROR;
				CLANG_WARN_DOCUMENTATION_COMMENTS = YES;
				CLANG_WARN_EMPTY_BODY = YES;
				CLANG_WARN_ENUM_CONVERSION = YES;
				CLANG_WARN_INFINITE_RECURSION = YES;
				CLANG_WARN_INT_CONVERSION = YES;
				CLANG_WARN_NON_LITERAL_NULL_CONVERSION = YES;
				CLANG_WARN_OBJC_IMPLICIT_RETAIN_SELF = YES;
				CLANG_WARN_OBJC_LITERAL_CONVERSION = YES;
				CLANG_WARN_OBJC_ROOT_CLASS = YES_ERROR;
				CLANG_WARN_QUOTED_INCLUDE_IN_FRAMEWORK_HEADER = YES;
				CLANG_WARN_RANGE_LOOP_ANALYSIS = YES;
				CLANG_WARN_STRICT_PROTOTYPES = YES;
				CLANG_WARN_SUSPICIOUS_MOVE = YES;
				CLANG_WARN_UNGUARDED_AVAILABILITY = YES_AGGRESSIVE;
				CLANG_WARN_UNREACHABLE_CODE = YES;
				CLANG_WARN__DUPLICATE_METHOD_MATCH = YES;
				COPY_PHASE_STRIP = NO;
				DEBUG_INFORMATION_FORMAT = dwarf;
				ENABLE_STRICT_OBJC_MSGSEND = YES;
				ENABLE_TESTABILITY = YES;
				GCC_C_LANGUAGE_STANDARD = gnu11;
				GCC_DYNAMIC_NO_PIC = NO;
				GCC_NO_COMMON_BLOCKS = YES;
				GCC_OPTIMIZATION_LEVEL = 0;
				GCC_PREPROCESSOR_DEFINITIONS = (
					"DEBUG=1",
					"$(inherited)",
				);
				GCC_WARN_64_TO_32_BIT_CONVERSION = YES;
				GCC_WARN_ABOUT_RETURN_TYPE = YES_ERROR;
				GCC_WARN_UNDECLARED_SELECTOR = YES;
				GCC_WARN_UNINITIALIZED_AUTOS = YES_AGGRESSIVE;
				GCC_WARN_UNUSED_FUNCTION = YES;
				GCC_WARN_UNUSED_VARIABLE = YES;
				MTL_ENABLE_DEBUG_INFO = INCLUDE_SOURCE;
				MTL_FAST_MATH = YES;
				ONLY_ACTIVE_ARCH = YES;
				SWIFT_ACTIVE_COMPILATION_CONDITIONS = DEBUG;
				SWIFT_OPTIMIZATION_LEVEL = "-Onone";
			};
			name = Debug;
		};
		BE206A3328F96D8700568190 /* Release */ = {
			isa = XCBuildConfiguration;
			buildSettings = {
				ALWAYS_SEARCH_USER_PATHS = NO;
				CLANG_ANALYZER_NONNULL = YES;
				CLANG_ANALYZER_NUMBER_OBJECT_CONVERSION = YES_AGGRESSIVE;
				CLANG_CXX_LANGUAGE_STANDARD = "gnu++20";
				CLANG_ENABLE_MODULES = YES;
				CLANG_ENABLE_OBJC_ARC = YES;
				CLANG_ENABLE_OBJC_WEAK = YES;
				CLANG_WARN_BLOCK_CAPTURE_AUTORELEASING = YES;
				CLANG_WARN_BOOL_CONVERSION = YES;
				CLANG_WARN_COMMA = YES;
				CLANG_WARN_CONSTANT_CONVERSION = YES;
				CLANG_WARN_DEPRECATED_OBJC_IMPLEMENTATIONS = YES;
				CLANG_WARN_DIRECT_OBJC_ISA_USAGE = YES_ERROR;
				CLANG_WARN_DOCUMENTATION_COMMENTS = YES;
				CLANG_WARN_EMPTY_BODY = YES;
				CLANG_WARN_ENUM_CONVERSION = YES;
				CLANG_WARN_INFINITE_RECURSION = YES;
				CLANG_WARN_INT_CONVERSION = YES;
				CLANG_WARN_NON_LITERAL_NULL_CONVERSION = YES;
				CLANG_WARN_OBJC_IMPLICIT_RETAIN_SELF = YES;
				CLANG_WARN_OBJC_LITERAL_CONVERSION = YES;
				CLANG_WARN_OBJC_ROOT_CLASS = YES_ERROR;
				CLANG_WARN_QUOTED_INCLUDE_IN_FRAMEWORK_HEADER = YES;
				CLANG_WARN_RANGE_LOOP_ANALYSIS = YES;
				CLANG_WARN_STRICT_PROTOTYPES = YES;
				CLANG_WARN_SUSPICIOUS_MOVE = YES;
				CLANG_WARN_UNGUARDED_AVAILABILITY = YES_AGGRESSIVE;
				CLANG_WARN_UNREACHABLE_CODE = YES;
				CLANG_WARN__DUPLICATE_METHOD_MATCH = YES;
				COPY_PHASE_STRIP = NO;
				DEBUG_INFORMATION_FORMAT = "dwarf-with-dsym";
				ENABLE_NS_ASSERTIONS = NO;
				ENABLE_STRICT_OBJC_MSGSEND = YES;
				GCC_C_LANGUAGE_STANDARD = gnu11;
				GCC_NO_COMMON_BLOCKS = YES;
				GCC_WARN_64_TO_32_BIT_CONVERSION = YES;
				GCC_WARN_ABOUT_RETURN_TYPE = YES_ERROR;
				GCC_WARN_UNDECLARED_SELECTOR = YES;
				GCC_WARN_UNINITIALIZED_AUTOS = YES_AGGRESSIVE;
				GCC_WARN_UNUSED_FUNCTION = YES;
				GCC_WARN_UNUSED_VARIABLE = YES;
				MTL_ENABLE_DEBUG_INFO = NO;
				MTL_FAST_MATH = YES;
				SWIFT_COMPILATION_MODE = wholemodule;
				SWIFT_OPTIMIZATION_LEVEL = "-O";
			};
			name = Release;
		};
		BE206A3528F96D8700568190 /* Debug */ = {
			isa = XCBuildConfiguration;
			buildSettings = {
				ALWAYS_EMBED_SWIFT_STANDARD_LIBRARIES = YES;
				ASSETCATALOG_COMPILER_APPICON_NAME = AppIcon;
				ASSETCATALOG_COMPILER_GLOBAL_ACCENT_COLOR_NAME = AccentColor;
				CODE_SIGN_STYLE = Automatic;
				CURRENT_PROJECT_VERSION = 1;
				DEVELOPMENT_ASSET_PATHS = "\"WannVerbindung Watch App/Preview Content\"";
				DEVELOPMENT_TEAM = 63NZMDFF7Z;
				ENABLE_PREVIEWS = YES;
				GENERATE_INFOPLIST_FILE = YES;
				INFOPLIST_KEY_CFBundleDisplayName = WannVerbindung;
				INFOPLIST_KEY_UISupportedInterfaceOrientations = "UIInterfaceOrientationPortrait UIInterfaceOrientationPortraitUpsideDown";
				INFOPLIST_KEY_WKCompanionAppBundleIdentifier = me.rhein.WannVerbindung;
				INFOPLIST_KEY_WKRunsIndependentlyOfCompanionApp = NO;
				LD_RUNPATH_SEARCH_PATHS = (
					"$(inherited)",
					"@executable_path/Frameworks",
				);
				MARKETING_VERSION = 1.0;
				PRODUCT_BUNDLE_IDENTIFIER = me.rhein.WannVerbindung.watchkitapp;
				PRODUCT_NAME = "$(TARGET_NAME)";
				SDKROOT = watchos;
				SKIP_INSTALL = YES;
				SWIFT_EMIT_LOC_STRINGS = YES;
				SWIFT_VERSION = 5.0;
				TARGETED_DEVICE_FAMILY = 4;
				WATCHOS_DEPLOYMENT_TARGET = 9.0;
			};
			name = Debug;
		};
		BE206A3628F96D8700568190 /* Release */ = {
			isa = XCBuildConfiguration;
			buildSettings = {
				ALWAYS_EMBED_SWIFT_STANDARD_LIBRARIES = YES;
				ASSETCATALOG_COMPILER_APPICON_NAME = AppIcon;
				ASSETCATALOG_COMPILER_GLOBAL_ACCENT_COLOR_NAME = AccentColor;
				CODE_SIGN_STYLE = Automatic;
				CURRENT_PROJECT_VERSION = 1;
				DEVELOPMENT_ASSET_PATHS = "\"WannVerbindung Watch App/Preview Content\"";
				DEVELOPMENT_TEAM = 63NZMDFF7Z;
				ENABLE_PREVIEWS = YES;
				GENERATE_INFOPLIST_FILE = YES;
				INFOPLIST_KEY_CFBundleDisplayName = WannVerbindung;
				INFOPLIST_KEY_UISupportedInterfaceOrientations = "UIInterfaceOrientationPortrait UIInterfaceOrientationPortraitUpsideDown";
				INFOPLIST_KEY_WKCompanionAppBundleIdentifier = me.rhein.WannVerbindung;
				INFOPLIST_KEY_WKRunsIndependentlyOfCompanionApp = NO;
				LD_RUNPATH_SEARCH_PATHS = (
					"$(inherited)",
					"@executable_path/Frameworks",
				);
				MARKETING_VERSION = 1.0;
				PRODUCT_BUNDLE_IDENTIFIER = me.rhein.WannVerbindung.watchkitapp;
				PRODUCT_NAME = "$(TARGET_NAME)";
				SDKROOT = watchos;
				SKIP_INSTALL = YES;
				SWIFT_EMIT_LOC_STRINGS = YES;
				SWIFT_VERSION = 5.0;
				TARGETED_DEVICE_FAMILY = 4;
				VALIDATE_PRODUCT = YES;
				WATCHOS_DEPLOYMENT_TARGET = 9.0;
			};
			name = Release;
		};
		BE206A3928F96D8700568190 /* Debug */ = {
			isa = XCBuildConfiguration;
			buildSettings = {
				ALWAYS_EMBED_SWIFT_STANDARD_LIBRARIES = YES;
				ASSETCATALOG_COMPILER_APPICON_NAME = AppIcon;
				ASSETCATALOG_COMPILER_GLOBAL_ACCENT_COLOR_NAME = AccentColor;
				CODE_SIGN_STYLE = Automatic;
				CURRENT_PROJECT_VERSION = 1;
				DEVELOPMENT_ASSET_PATHS = "\"WannVerbindung/Preview Content\"";
				DEVELOPMENT_TEAM = 63NZMDFF7Z;
				ENABLE_PREVIEWS = YES;
				GENERATE_INFOPLIST_FILE = YES;
				INFOPLIST_KEY_CFBundleDisplayName = "Wann Verbindung?!";
				INFOPLIST_KEY_UIApplicationSceneManifest_Generation = YES;
				INFOPLIST_KEY_UIApplicationSupportsIndirectInputEvents = YES;
				INFOPLIST_KEY_UILaunchScreen_Generation = YES;
				INFOPLIST_KEY_UISupportedInterfaceOrientations_iPad = "UIInterfaceOrientationPortrait UIInterfaceOrientationPortraitUpsideDown UIInterfaceOrientationLandscapeLeft UIInterfaceOrientationLandscapeRight";
				INFOPLIST_KEY_UISupportedInterfaceOrientations_iPhone = "UIInterfaceOrientationPortrait UIInterfaceOrientationLandscapeLeft UIInterfaceOrientationLandscapeRight";
				IPHONEOS_DEPLOYMENT_TARGET = 16.0;
				LD_RUNPATH_SEARCH_PATHS = (
					"$(inherited)",
					"@executable_path/Frameworks",
				);
				MARKETING_VERSION = 1.0;
				PRODUCT_BUNDLE_IDENTIFIER = me.rhein.WannVerbindung;
				PRODUCT_NAME = "$(TARGET_NAME)";
				SDKROOT = iphoneos;
				SWIFT_EMIT_LOC_STRINGS = YES;
				SWIFT_VERSION = 5.0;
				TARGETED_DEVICE_FAMILY = "1,2";
			};
			name = Debug;
		};
		BE206A3A28F96D8700568190 /* Release */ = {
			isa = XCBuildConfiguration;
			buildSettings = {
				ALWAYS_EMBED_SWIFT_STANDARD_LIBRARIES = YES;
				ASSETCATALOG_COMPILER_APPICON_NAME = AppIcon;
				ASSETCATALOG_COMPILER_GLOBAL_ACCENT_COLOR_NAME = AccentColor;
				CODE_SIGN_STYLE = Automatic;
				CURRENT_PROJECT_VERSION = 1;
				DEVELOPMENT_ASSET_PATHS = "\"WannVerbindung/Preview Content\"";
				DEVELOPMENT_TEAM = 63NZMDFF7Z;
				ENABLE_PREVIEWS = YES;
				GENERATE_INFOPLIST_FILE = YES;
				INFOPLIST_KEY_CFBundleDisplayName = "Wann Verbindung?!";
				INFOPLIST_KEY_UIApplicationSceneManifest_Generation = YES;
				INFOPLIST_KEY_UIApplicationSupportsIndirectInputEvents = YES;
				INFOPLIST_KEY_UILaunchScreen_Generation = YES;
				INFOPLIST_KEY_UISupportedInterfaceOrientations_iPad = "UIInterfaceOrientationPortrait UIInterfaceOrientationPortraitUpsideDown UIInterfaceOrientationLandscapeLeft UIInterfaceOrientationLandscapeRight";
				INFOPLIST_KEY_UISupportedInterfaceOrientations_iPhone = "UIInterfaceOrientationPortrait UIInterfaceOrientationLandscapeLeft UIInterfaceOrientationLandscapeRight";
				IPHONEOS_DEPLOYMENT_TARGET = 16.0;
				LD_RUNPATH_SEARCH_PATHS = (
					"$(inherited)",
					"@executable_path/Frameworks",
				);
				MARKETING_VERSION = 1.0;
				PRODUCT_BUNDLE_IDENTIFIER = me.rhein.WannVerbindung;
				PRODUCT_NAME = "$(TARGET_NAME)";
				SDKROOT = iphoneos;
				SWIFT_EMIT_LOC_STRINGS = YES;
				SWIFT_VERSION = 5.0;
				TARGETED_DEVICE_FAMILY = "1,2";
				VALIDATE_PRODUCT = YES;
			};
			name = Release;
		};
		BE5A734B28F9A10000F11CF7 /* Debug */ = {
			isa = XCBuildConfiguration;
			buildSettings = {
				ASSETCATALOG_COMPILER_GLOBAL_ACCENT_COLOR_NAME = AccentColor;
				ASSETCATALOG_COMPILER_WIDGET_BACKGROUND_COLOR_NAME = WidgetBackground;
				CODE_SIGN_STYLE = Automatic;
				CURRENT_PROJECT_VERSION = 1;
				DEVELOPMENT_TEAM = 63NZMDFF7Z;
				GENERATE_INFOPLIST_FILE = YES;
				INFOPLIST_FILE = NextDepartureIPhoneWidget/Info.plist;
				INFOPLIST_KEY_CFBundleDisplayName = NextDepartureIPhoneWidget;
				INFOPLIST_KEY_NSHumanReadableCopyright = "";
				IPHONEOS_DEPLOYMENT_TARGET = 16.0;
				LD_RUNPATH_SEARCH_PATHS = (
					"$(inherited)",
					"@executable_path/Frameworks",
					"@executable_path/../../Frameworks",
				);
				MARKETING_VERSION = 1.0;
				PRODUCT_BUNDLE_IDENTIFIER = me.rhein.WannVerbindung.NextDepartureIPhoneWidget;
				PRODUCT_NAME = "$(TARGET_NAME)";
				SDKROOT = iphoneos;
				SKIP_INSTALL = YES;
				SWIFT_EMIT_LOC_STRINGS = YES;
				SWIFT_VERSION = 5.0;
				TARGETED_DEVICE_FAMILY = "1,2";
			};
			name = Debug;
		};
		BE5A734C28F9A10000F11CF7 /* Release */ = {
			isa = XCBuildConfiguration;
			buildSettings = {
				ASSETCATALOG_COMPILER_GLOBAL_ACCENT_COLOR_NAME = AccentColor;
				ASSETCATALOG_COMPILER_WIDGET_BACKGROUND_COLOR_NAME = WidgetBackground;
				CODE_SIGN_STYLE = Automatic;
				CURRENT_PROJECT_VERSION = 1;
				DEVELOPMENT_TEAM = 63NZMDFF7Z;
				GENERATE_INFOPLIST_FILE = YES;
				INFOPLIST_FILE = NextDepartureIPhoneWidget/Info.plist;
				INFOPLIST_KEY_CFBundleDisplayName = NextDepartureIPhoneWidget;
				INFOPLIST_KEY_NSHumanReadableCopyright = "";
				IPHONEOS_DEPLOYMENT_TARGET = 16.0;
				LD_RUNPATH_SEARCH_PATHS = (
					"$(inherited)",
					"@executable_path/Frameworks",
					"@executable_path/../../Frameworks",
				);
				MARKETING_VERSION = 1.0;
				PRODUCT_BUNDLE_IDENTIFIER = me.rhein.WannVerbindung.NextDepartureIPhoneWidget;
				PRODUCT_NAME = "$(TARGET_NAME)";
				SDKROOT = iphoneos;
				SKIP_INSTALL = YES;
				SWIFT_EMIT_LOC_STRINGS = YES;
				SWIFT_VERSION = 5.0;
				TARGETED_DEVICE_FAMILY = "1,2";
				VALIDATE_PRODUCT = YES;
			};
			name = Release;
		};
		BE5A736128F9A80B00F11CF7 /* Debug */ = {
			isa = XCBuildConfiguration;
			buildSettings = {
				ASSETCATALOG_COMPILER_GLOBAL_ACCENT_COLOR_NAME = AccentColor;
				ASSETCATALOG_COMPILER_WIDGET_BACKGROUND_COLOR_NAME = WidgetBackground;
				CODE_SIGN_STYLE = Automatic;
				CURRENT_PROJECT_VERSION = 1;
				DEVELOPMENT_TEAM = 63NZMDFF7Z;
				GENERATE_INFOPLIST_FILE = YES;
				INFOPLIST_FILE = NextDepartureWatchWidget/Info.plist;
				INFOPLIST_KEY_CFBundleDisplayName = NextDepartureWatchWidget;
				INFOPLIST_KEY_NSHumanReadableCopyright = "";
				LD_RUNPATH_SEARCH_PATHS = (
					"$(inherited)",
					"@executable_path/Frameworks",
					"@executable_path/../../Frameworks",
					"@executable_path/../../../../Frameworks",
				);
				MARKETING_VERSION = 1.0;
				PRODUCT_BUNDLE_IDENTIFIER = me.rhein.WannVerbindung.watchkitapp.NextDepartureWatchWidget;
				PRODUCT_NAME = "$(TARGET_NAME)";
				SDKROOT = watchos;
				SKIP_INSTALL = YES;
				SWIFT_EMIT_LOC_STRINGS = YES;
				SWIFT_VERSION = 5.0;
				TARGETED_DEVICE_FAMILY = 4;
				WATCHOS_DEPLOYMENT_TARGET = 9.0;
			};
			name = Debug;
		};
		BE5A736228F9A80B00F11CF7 /* Release */ = {
			isa = XCBuildConfiguration;
			buildSettings = {
				ASSETCATALOG_COMPILER_GLOBAL_ACCENT_COLOR_NAME = AccentColor;
				ASSETCATALOG_COMPILER_WIDGET_BACKGROUND_COLOR_NAME = WidgetBackground;
				CODE_SIGN_STYLE = Automatic;
				CURRENT_PROJECT_VERSION = 1;
				DEVELOPMENT_TEAM = 63NZMDFF7Z;
				GENERATE_INFOPLIST_FILE = YES;
				INFOPLIST_FILE = NextDepartureWatchWidget/Info.plist;
				INFOPLIST_KEY_CFBundleDisplayName = NextDepartureWatchWidget;
				INFOPLIST_KEY_NSHumanReadableCopyright = "";
				LD_RUNPATH_SEARCH_PATHS = (
					"$(inherited)",
					"@executable_path/Frameworks",
					"@executable_path/../../Frameworks",
					"@executable_path/../../../../Frameworks",
				);
				MARKETING_VERSION = 1.0;
				PRODUCT_BUNDLE_IDENTIFIER = me.rhein.WannVerbindung.watchkitapp.NextDepartureWatchWidget;
				PRODUCT_NAME = "$(TARGET_NAME)";
				SDKROOT = watchos;
				SKIP_INSTALL = YES;
				SWIFT_EMIT_LOC_STRINGS = YES;
				SWIFT_VERSION = 5.0;
				TARGETED_DEVICE_FAMILY = 4;
				VALIDATE_PRODUCT = YES;
				WATCHOS_DEPLOYMENT_TARGET = 9.0;
			};
			name = Release;
		};
		BE5A737128F9A9F100F11CF7 /* Debug */ = {
			isa = XCBuildConfiguration;
			buildSettings = {
				CLANG_ENABLE_MODULES = YES;
				CODE_SIGN_STYLE = Automatic;
				CURRENT_PROJECT_VERSION = 1;
				DEFINES_MODULE = YES;
				DEVELOPMENT_TEAM = 63NZMDFF7Z;
				DYLIB_COMPATIBILITY_VERSION = 1;
				DYLIB_CURRENT_VERSION = 1;
				DYLIB_INSTALL_NAME_BASE = "@rpath";
				GENERATE_INFOPLIST_FILE = YES;
				INFOPLIST_KEY_NSHumanReadableCopyright = "";
				INSTALL_PATH = "$(LOCAL_LIBRARY_DIR)/Frameworks";
				IPHONEOS_DEPLOYMENT_TARGET = 16.0;
				LD_RUNPATH_SEARCH_PATHS = (
					"@executable_path/Frameworks",
					"@loader_path/Frameworks",
				);
				"LD_RUNPATH_SEARCH_PATHS[sdk=macosx*]" = (
					"@executable_path/../Frameworks",
					"@loader_path/Frameworks",
				);
				MACOSX_DEPLOYMENT_TARGET = 12.6;
				MARKETING_VERSION = 1.0;
				PRODUCT_BUNDLE_IDENTIFIER = me.rhein.TransportRestService;
				PRODUCT_NAME = "$(TARGET_NAME:c99extidentifier)";
				SDKROOT = auto;
				SKIP_INSTALL = YES;
				SUPPORTED_PLATFORMS = "iphoneos iphonesimulator macosx watchos watchsimulator";
				SUPPORTS_MACCATALYST = NO;
				SUPPORTS_MAC_DESIGNED_FOR_IPHONE_IPAD = NO;
				SWIFT_EMIT_LOC_STRINGS = YES;
				SWIFT_OPTIMIZATION_LEVEL = "-Onone";
				SWIFT_VERSION = 5.0;
				TARGETED_DEVICE_FAMILY = "1,2,4";
				VERSIONING_SYSTEM = "apple-generic";
				VERSION_INFO_PREFIX = "";
				WATCHOS_DEPLOYMENT_TARGET = 9.0;
			};
			name = Debug;
		};
		BE5A737228F9A9F100F11CF7 /* Release */ = {
			isa = XCBuildConfiguration;
			buildSettings = {
				CLANG_ENABLE_MODULES = YES;
				CODE_SIGN_STYLE = Automatic;
				CURRENT_PROJECT_VERSION = 1;
				DEFINES_MODULE = YES;
				DEVELOPMENT_TEAM = 63NZMDFF7Z;
				DYLIB_COMPATIBILITY_VERSION = 1;
				DYLIB_CURRENT_VERSION = 1;
				DYLIB_INSTALL_NAME_BASE = "@rpath";
				GENERATE_INFOPLIST_FILE = YES;
				INFOPLIST_KEY_NSHumanReadableCopyright = "";
				INSTALL_PATH = "$(LOCAL_LIBRARY_DIR)/Frameworks";
				IPHONEOS_DEPLOYMENT_TARGET = 16.0;
				LD_RUNPATH_SEARCH_PATHS = (
					"@executable_path/Frameworks",
					"@loader_path/Frameworks",
				);
				"LD_RUNPATH_SEARCH_PATHS[sdk=macosx*]" = (
					"@executable_path/../Frameworks",
					"@loader_path/Frameworks",
				);
				MACOSX_DEPLOYMENT_TARGET = 12.6;
				MARKETING_VERSION = 1.0;
				PRODUCT_BUNDLE_IDENTIFIER = me.rhein.TransportRestService;
				PRODUCT_NAME = "$(TARGET_NAME:c99extidentifier)";
				SDKROOT = auto;
				SKIP_INSTALL = YES;
				SUPPORTED_PLATFORMS = "iphoneos iphonesimulator macosx watchos watchsimulator";
				SUPPORTS_MACCATALYST = NO;
				SUPPORTS_MAC_DESIGNED_FOR_IPHONE_IPAD = NO;
				SWIFT_EMIT_LOC_STRINGS = YES;
				SWIFT_VERSION = 5.0;
				TARGETED_DEVICE_FAMILY = "1,2,4";
				VERSIONING_SYSTEM = "apple-generic";
				VERSION_INFO_PREFIX = "";
				WATCHOS_DEPLOYMENT_TARGET = 9.0;
			};
			name = Release;
		};
/* End XCBuildConfiguration section */

/* Begin XCConfigurationList section */
		BE206A0F28F96D8500568190 /* Build configuration list for PBXProject "WannVerbindung" */ = {
			isa = XCConfigurationList;
			buildConfigurations = (
				BE206A3228F96D8700568190 /* Debug */,
				BE206A3328F96D8700568190 /* Release */,
			);
			defaultConfigurationIsVisible = 0;
			defaultConfigurationName = Release;
		};
		BE206A3428F96D8700568190 /* Build configuration list for PBXNativeTarget "WannVerbindung Watch App" */ = {
			isa = XCConfigurationList;
			buildConfigurations = (
				BE206A3528F96D8700568190 /* Debug */,
				BE206A3628F96D8700568190 /* Release */,
			);
			defaultConfigurationIsVisible = 0;
			defaultConfigurationName = Release;
		};
		BE206A3828F96D8700568190 /* Build configuration list for PBXNativeTarget "WannVerbindung" */ = {
			isa = XCConfigurationList;
			buildConfigurations = (
				BE206A3928F96D8700568190 /* Debug */,
				BE206A3A28F96D8700568190 /* Release */,
			);
			defaultConfigurationIsVisible = 0;
			defaultConfigurationName = Release;
		};
		BE5A734A28F9A10000F11CF7 /* Build configuration list for PBXNativeTarget "NextDepartureIPhoneWidgetExtension" */ = {
			isa = XCConfigurationList;
			buildConfigurations = (
				BE5A734B28F9A10000F11CF7 /* Debug */,
				BE5A734C28F9A10000F11CF7 /* Release */,
			);
			defaultConfigurationIsVisible = 0;
			defaultConfigurationName = Release;
		};
		BE5A736028F9A80B00F11CF7 /* Build configuration list for PBXNativeTarget "NextDepartureWatchWidgetExtension" */ = {
			isa = XCConfigurationList;
			buildConfigurations = (
				BE5A736128F9A80B00F11CF7 /* Debug */,
				BE5A736228F9A80B00F11CF7 /* Release */,
			);
			defaultConfigurationIsVisible = 0;
			defaultConfigurationName = Release;
		};
		BE5A737028F9A9F100F11CF7 /* Build configuration list for PBXNativeTarget "TransportRestService" */ = {
			isa = XCConfigurationList;
			buildConfigurations = (
				BE5A737128F9A9F100F11CF7 /* Debug */,
				BE5A737228F9A9F100F11CF7 /* Release */,
			);
			defaultConfigurationIsVisible = 0;
			defaultConfigurationName = Release;
		};
/* End XCConfigurationList section */
	};
	rootObject = BE206A0C28F96D8500568190 /* Project object */;
}
